
Microsoft Visual Studio Solution File, Format Version 12.00
# Visual Studio Version 17
VisualStudioVersion = 17.12.35527.113 d17.12
MinimumVisualStudioVersion = 10.0.40219.1
Project("{8BC9CEB8-8B4A-11D0-8D11-00A0C91BC942}") = "GameMath", "GameMath\GameMath.vcxproj", "{BA0C62D0-1426-41AC-A284-D0A20051A548}"
EndProject
Project("{8BC9CEB8-8B4A-11D0-8D11-00A0C91BC942}") = "DirectConsole", "DirectConsole\DirectConsole.vcxproj", "{5F8E87C7-26D4-440A-8610-E5109052D7F4}"
	ProjectSection(ProjectDependencies) = postProject
		{BA0C62D0-1426-41AC-A284-D0A20051A548} = {BA0C62D0-1426-41AC-A284-D0A20051A548}
	EndProjectSection
EndProject
Project("{2150E333-8FDC-42A3-9474-1A3956D46DE8}") = "Level0", "Level0", "{2029FDEC-909C-4A73-87C6-7139FAE4A0EC}"
EndProject
Project("{2150E333-8FDC-42A3-9474-1A3956D46DE8}") = "Level99", "Level99", "{27270F0E-87FC-431D-91DD-38732EA15658}"
EndProject
Global
	GlobalSection(SolutionConfigurationPlatforms) = preSolution
		Debug|x64 = Debug|x64
		Debug|x86 = Debug|x86
		Release|x64 = Release|x64
		Release|x86 = Release|x86
	EndGlobalSection
	GlobalSection(ProjectConfigurationPlatforms) = postSolution
		{BA0C62D0-1426-41AC-A284-D0A20051A548}.Debug|x64.ActiveCfg = Debug|x64
		{BA0C62D0-1426-41AC-A284-D0A20051A548}.Debug|x64.Build.0 = Debug|x64
		{BA0C62D0-1426-41AC-A284-D0A20051A548}.Debug|x86.ActiveCfg = Debug|Win32
		{BA0C62D0-1426-41AC-A284-D0A20051A548}.Debug|x86.Build.0 = Debug|Win32
		{BA0C62D0-1426-41AC-A284-D0A20051A548}.Release|x64.ActiveCfg = Release|x64
		{BA0C62D0-1426-41AC-A284-D0A20051A548}.Release|x64.Build.0 = Release|x64
		{BA0C62D0-1426-41AC-A284-D0A20051A548}.Release|x86.ActiveCfg = Release|Win32
		{BA0C62D0-1426-41AC-A284-D0A20051A548}.Release|x86.Build.0 = Release|Win32
		{5F8E87C7-26D4-440A-8610-E5109052D7F4}.Debug|x64.ActiveCfg = Debug|x64
		{5F8E87C7-26D4-440A-8610-E5109052D7F4}.Debug|x64.Build.0 = Debug|x64
		{5F8E87C7-26D4-440A-8610-E5109052D7F4}.Debug|x86.ActiveCfg = Debug|Win32
		{5F8E87C7-26D4-440A-8610-E5109052D7F4}.Debug|x86.Build.0 = Debug|Win32
		{5F8E87C7-26D4-440A-8610-E5109052D7F4}.Release|x64.ActiveCfg = Release|x64
		{5F8E87C7-26D4-440A-8610-E5109052D7F4}.Release|x64.Build.0 = Release|x64
		{5F8E87C7-26D4-440A-8610-E5109052D7F4}.Release|x86.ActiveCfg = Release|Win32
		{5F8E87C7-26D4-440A-8610-E5109052D7F4}.Release|x86.Build.0 = Release|Win32
	EndGlobalSection
	GlobalSection(SolutionProperties) = preSolution
		HideSolutionNode = FALSE
	EndGlobalSection
	GlobalSection(NestedProjects) = preSolution
		{BA0C62D0-1426-41AC-A284-D0A20051A548} = {2029FDEC-909C-4A73-87C6-7139FAE4A0EC}
		{5F8E87C7-26D4-440A-8610-E5109052D7F4} = {27270F0E-87FC-431D-91DD-38732EA15658}
	EndGlobalSection
EndGlobal
