
Microsoft Visual Studio Solution File, Format Version 12.00
# Visual Studio Version 17
VisualStudioVersion = 17.13.35931.197
MinimumVisualStudioVersion = 10.0.40219.1
Project("{8BC9CEB8-8B4A-11D0-8D11-00A0C91BC942}") = "RenderingProject", "RenderingProject\RenderingProject.vcxproj", "{16929F54-90CF-4935-A2BD-74733EB6827C}"
EndProject
Project("{8BC9CEB8-8B4A-11D0-8D11-00A0C91BC942}") = "TestProject", "TestProject\TestProject.vcxproj", "{BB3D0CE9-5470-4CAE-9226-721684007E0B}"
EndProject
Project("{2150E333-8FDC-42A3-9474-1A3956D46DE8}") = "Level0", "Level0", "{C8D5274F-AC00-46C7-1F8D-E88E81087A52}"
EndProject
Project("{2150E333-8FDC-42A3-9474-1A3956D46DE8}") = "Level1", "Level1", "{375D775E-96C3-4508-A91B-41B81344EFE8}"
EndProject
Project("{2150E333-8FDC-42A3-9474-1A3956D46DE8}") = "LevelNULL", "LevelNULL", "{05363DC7-8F62-45D5-9DF3-B5FA63DAD2ED}"
EndProject
Project("{8BC9CEB8-8B4A-11D0-8D11-00A0C91BC942}") = "GameMath", "GameMath\GameMath.vcxproj", "{BA0C62D0-1426-41AC-A284-D0A20051A548}"
EndProject
Project("{8BC9CEB8-8B4A-11D0-8D11-00A0C91BC942}") = "DirectConsole", "DirectConsole\DirectConsole.vcxproj", "{5F8E87C7-26D4-440A-8610-E5109052D7F4}"
EndProject
Project("{2150E333-8FDC-42A3-9474-1A3956D46DE8}") = "Level2", "Level2", "{6052417D-DFC2-4ED2-9D19-A8985136BFDD}"
EndProject
Project("{2150E333-8FDC-42A3-9474-1A3956D46DE8}") = "Level10", "Level10", "{D00BB5EF-D853-44AA-A471-54ABB4E90913}"
EndProject
Project("{8BC9CEB8-8B4A-11D0-8D11-00A0C91BC942}") = "D3D11Application", "D3D11Application\D3D11Application.vcxproj", "{75D45B22-69FD-474D-BD88-E452D777C93F}"
EndProject
Project("{8BC9CEB8-8B4A-11D0-8D11-00A0C91BC942}") = "DirectXProject", "DirectXProject\DirectXProject.vcxproj", "{19603E9A-06C9-479D-8500-FBC624390374}"
EndProject
Global
	GlobalSection(SolutionConfigurationPlatforms) = preSolution
		Debug|x64 = Debug|x64
		Debug|x86 = Debug|x86
		Release|x64 = Release|x64
		Release|x86 = Release|x86
	EndGlobalSection
	GlobalSection(ProjectConfigurationPlatforms) = postSolution
		{16929F54-90CF-4935-A2BD-74733EB6827C}.Debug|x64.ActiveCfg = Debug|x64
		{16929F54-90CF-4935-A2BD-74733EB6827C}.Debug|x64.Build.0 = Debug|x64
		{16929F54-90CF-4935-A2BD-74733EB6827C}.Debug|x86.ActiveCfg = Debug|Win32
		{16929F54-90CF-4935-A2BD-74733EB6827C}.Debug|x86.Build.0 = Debug|Win32
		{16929F54-90CF-4935-A2BD-74733EB6827C}.Release|x64.ActiveCfg = Release|x64
		{16929F54-90CF-4935-A2BD-74733EB6827C}.Release|x64.Build.0 = Release|x64
		{16929F54-90CF-4935-A2BD-74733EB6827C}.Release|x86.ActiveCfg = Release|Win32
		{16929F54-90CF-4935-A2BD-74733EB6827C}.Release|x86.Build.0 = Release|Win32
		{BB3D0CE9-5470-4CAE-9226-721684007E0B}.Debug|x64.ActiveCfg = Debug|x64
		{BB3D0CE9-5470-4CAE-9226-721684007E0B}.Debug|x64.Build.0 = Debug|x64
		{BB3D0CE9-5470-4CAE-9226-721684007E0B}.Debug|x86.ActiveCfg = Debug|Win32
		{BB3D0CE9-5470-4CAE-9226-721684007E0B}.Debug|x86.Build.0 = Debug|Win32
		{BB3D0CE9-5470-4CAE-9226-721684007E0B}.Release|x64.ActiveCfg = Release|x64
		{BB3D0CE9-5470-4CAE-9226-721684007E0B}.Release|x64.Build.0 = Release|x64
		{BB3D0CE9-5470-4CAE-9226-721684007E0B}.Release|x86.ActiveCfg = Release|Win32
		{BB3D0CE9-5470-4CAE-9226-721684007E0B}.Release|x86.Build.0 = Release|Win32
		{BA0C62D0-1426-41AC-A284-D0A20051A548}.Debug|x64.ActiveCfg = Debug|x64
		{BA0C62D0-1426-41AC-A284-D0A20051A548}.Debug|x64.Build.0 = Debug|x64
		{BA0C62D0-1426-41AC-A284-D0A20051A548}.Debug|x86.ActiveCfg = Debug|Win32
		{BA0C62D0-1426-41AC-A284-D0A20051A548}.Debug|x86.Build.0 = Debug|Win32
		{BA0C62D0-1426-41AC-A284-D0A20051A548}.Release|x64.ActiveCfg = Release|x64
		{BA0C62D0-1426-41AC-A284-D0A20051A548}.Release|x64.Build.0 = Release|x64
		{BA0C62D0-1426-41AC-A284-D0A20051A548}.Release|x86.ActiveCfg = Release|Win32
		{BA0C62D0-1426-41AC-A284-D0A20051A548}.Release|x86.Build.0 = Release|Win32
		{5F8E87C7-26D4-440A-8610-E5109052D7F4}.Debug|x64.ActiveCfg = Debug|x64
		{5F8E87C7-26D4-440A-8610-E5109052D7F4}.Debug|x64.Build.0 = Debug|x64
		{5F8E87C7-26D4-440A-8610-E5109052D7F4}.Debug|x86.ActiveCfg = Debug|Win32
		{5F8E87C7-26D4-440A-8610-E5109052D7F4}.Debug|x86.Build.0 = Debug|Win32
		{5F8E87C7-26D4-440A-8610-E5109052D7F4}.Release|x64.ActiveCfg = Release|x64
		{5F8E87C7-26D4-440A-8610-E5109052D7F4}.Release|x64.Build.0 = Release|x64
		{5F8E87C7-26D4-440A-8610-E5109052D7F4}.Release|x86.ActiveCfg = Release|Win32
		{5F8E87C7-26D4-440A-8610-E5109052D7F4}.Release|x86.Build.0 = Release|Win32
		{75D45B22-69FD-474D-BD88-E452D777C93F}.Debug|x64.ActiveCfg = Debug|x64
		{75D45B22-69FD-474D-BD88-E452D777C93F}.Debug|x64.Build.0 = Debug|x64
		{75D45B22-69FD-474D-BD88-E452D777C93F}.Debug|x86.ActiveCfg = Debug|Win32
		{75D45B22-69FD-474D-BD88-E452D777C93F}.Debug|x86.Build.0 = Debug|Win32
		{75D45B22-69FD-474D-BD88-E452D777C93F}.Release|x64.ActiveCfg = Release|x64
		{75D45B22-69FD-474D-BD88-E452D777C93F}.Release|x64.Build.0 = Release|x64
		{75D45B22-69FD-474D-BD88-E452D777C93F}.Release|x86.ActiveCfg = Release|Win32
		{75D45B22-69FD-474D-BD88-E452D777C93F}.Release|x86.Build.0 = Release|Win32
		{19603E9A-06C9-479D-8500-FBC624390374}.Debug|x64.ActiveCfg = Debug|x64
		{19603E9A-06C9-479D-8500-FBC624390374}.Debug|x64.Build.0 = Debug|x64
		{19603E9A-06C9-479D-8500-FBC624390374}.Debug|x86.ActiveCfg = Debug|Win32
		{19603E9A-06C9-479D-8500-FBC624390374}.Debug|x86.Build.0 = Debug|Win32
		{19603E9A-06C9-479D-8500-FBC624390374}.Release|x64.ActiveCfg = Release|x64
		{19603E9A-06C9-479D-8500-FBC624390374}.Release|x64.Build.0 = Release|x64
		{19603E9A-06C9-479D-8500-FBC624390374}.Release|x86.ActiveCfg = Release|Win32
		{19603E9A-06C9-479D-8500-FBC624390374}.Release|x86.Build.0 = Release|Win32
	EndGlobalSection
	GlobalSection(SolutionProperties) = preSolution
		HideSolutionNode = FALSE
	EndGlobalSection
	GlobalSection(NestedProjects) = preSolution
		{16929F54-90CF-4935-A2BD-74733EB6827C} = {375D775E-96C3-4508-A91B-41B81344EFE8}
		{BB3D0CE9-5470-4CAE-9226-721684007E0B} = {05363DC7-8F62-45D5-9DF3-B5FA63DAD2ED}
		{BA0C62D0-1426-41AC-A284-D0A20051A548} = {C8D5274F-AC00-46C7-1F8D-E88E81087A52}
		{5F8E87C7-26D4-440A-8610-E5109052D7F4} = {05363DC7-8F62-45D5-9DF3-B5FA63DAD2ED}
		{75D45B22-69FD-474D-BD88-E452D777C93F} = {D00BB5EF-D853-44AA-A471-54ABB4E90913}
		{19603E9A-06C9-479D-8500-FBC624390374} = {05363DC7-8F62-45D5-9DF3-B5FA63DAD2ED}
	EndGlobalSection
	GlobalSection(ExtensibilityGlobals) = postSolution
		SolutionGuid = {5309F749-3257-4033-83A6-316ED3517646}
	EndGlobalSection
EndGlobal
