
Microsoft Visual Studio Solution File, Format Version 12.00
# Visual Studio Version 17
VisualStudioVersion = 17.12.35527.113
MinimumVisualStudioVersion = 10.0.40219.1
Project("{2150E333-8FDC-42A3-9474-1A3956D46DE8}") = "example", "example", "{388BB565-CCA0-4D91-A39C-A1983B9CD5A3}"
EndProject
Project("{2150E333-8FDC-42A3-9474-1A3956D46DE8}") = "Ex", "Ex", "{E89A4EB9-8F41-4BFA-BC8A-05933AEDA355}"
EndProject
Project("{8BC9CEB8-8B4A-11D0-8D11-00A0C91BC942}") = "Ex_AirlineTicket", "Ex_AirlineTicket\Ex_AirlineTicket.vcxproj", "{C9832A2E-F2AC-499F-AAC3-7F92A25537E3}"
EndProject
Project("{8BC9CEB8-8B4A-11D0-8D11-00A0C91BC942}") = "EX_FirstProject", "EX_FirstProject\EX_FirstProject.vcxproj", "{336C4612-B503-4DAE-91CD-0249BBACC762}"
EndProject
Project("{8BC9CEB8-8B4A-11D0-8D11-00A0C91BC942}") = "03_String", "03_String\03_String.vcxproj", "{1186CD1B-2A55-4570-BA66-6A4778148943}"
EndProject
Project("{2150E333-8FDC-42A3-9474-1A3956D46DE8}") = "MyLib", "MyLib", "{873D8890-3734-4AE6-B646-D76828387E60}"
EndProject
Project("{8BC9CEB8-8B4A-11D0-8D11-00A0C91BC942}") = "MyString", "MyString\MyString.vcxproj", "{88527F1A-A5F6-4C1E-9D07-A5094FAA838E}"
EndProject
Project("{8BC9CEB8-8B4A-11D0-8D11-00A0C91BC942}") = "04_Comment", "04_Comment\04_Comment.vcxproj", "{347BED6F-3080-4160-ADB5-5112FEF2D56B}"
EndProject
Project("{8BC9CEB8-8B4A-11D0-8D11-00A0C91BC942}") = "EX_constcast", "EX_constcast\EX_constcast.vcxproj", "{822C82B5-50F5-44C5-8B4A-6B5E34C1FC5B}"
EndProject
Project("{8BC9CEB8-8B4A-11D0-8D11-00A0C91BC942}") = "EX_Callback", "EX_Callback\EX_Callback.vcxproj", "{B93F7B64-F2FA-40CF-ADF6-2AC33EB8A322}"
EndProject
Project("{8BC9CEB8-8B4A-11D0-8D11-00A0C91BC942}") = "EX_ChessGameDesign", "EX_ChessGameDesign\EX_ChessGameDesign.vcxproj", "{8B57D951-4353-4435-A0B6-91FCB81E3049}"
EndProject
Project("{8BC9CEB8-8B4A-11D0-8D11-00A0C91BC942}") = "05_Class", "05_Class\05_Class.vcxproj", "{9157E0DC-E320-4246-ABDE-82CA07B2C646}"
EndProject
Project("{8BC9CEB8-8B4A-11D0-8D11-00A0C91BC942}") = "06_DefaultConstructor", "06_DefaultConstructor\06_DefaultConstructor.vcxproj", "{4EBD6E30-726B-43E9-B82E-29562270F212}"
EndProject
Project("{8BC9CEB8-8B4A-11D0-8D11-00A0C91BC942}") = "07_ConstructorEx", "07_ConstructorEx\07_ConstructorEx.vcxproj", "{40996BC0-528C-49DD-BE19-B4C127843B5B}"
EndProject
Project("{8BC9CEB8-8B4A-11D0-8D11-00A0C91BC942}") = "08_CopyConstructor", "08_CopyConstructor\08_CopyConstructor.vcxproj", "{B84111EB-17C6-4CCD-9CBF-358D81D3B93E}"
EndProject
Project("{8BC9CEB8-8B4A-11D0-8D11-00A0C91BC942}") = "EX_CallByReference", "EX_CallByReference\EX_CallByReference.vcxproj", "{E891CA38-BAA4-421B-8117-FEF0BA610119}"
EndProject
Project("{8BC9CEB8-8B4A-11D0-8D11-00A0C91BC942}") = "09_DelegatingCtonstructor", "09_DelegatingCtonstructor\09_DelegatingCtonstructor.vcxproj", "{D0F82C37-6058-4575-9E22-8100A1F71B2B}"
EndProject
Project("{8BC9CEB8-8B4A-11D0-8D11-00A0C91BC942}") = "10_operatorEqual", "10_operatorEqual\10_operatorEqual.vcxproj", "{B474942B-C604-4BA8-A228-7946A6003D06}"
EndProject
Project("{8BC9CEB8-8B4A-11D0-8D11-00A0C91BC942}") = "11_ObjectAllocatedOnHeap", "11_ObjectAllocatedOnHeap\11_ObjectAllocatedOnHeap.vcxproj", "{2CEDECE7-728F-4BBD-82ED-E6C239F32413}"
EndProject
Project("{8BC9CEB8-8B4A-11D0-8D11-00A0C91BC942}") = "12_Shallow&DeepCopy", "12_Shallow&DeepCopy\12_Shallow&DeepCopy.vcxproj", "{3FFCD6DA-3C42-441F-8A72-48B477433379}"
EndProject
Project("{8BC9CEB8-8B4A-11D0-8D11-00A0C91BC942}") = "13_ForwardDeclaration", "13_ForwardDeclaration\13_ForwardDeclaration.vcxproj", "{2E3E75BE-5A84-4FC7-80F5-623468593E8F}"
EndProject
Project("{2150E333-8FDC-42A3-9474-1A3956D46DE8}") = "Test", "Test", "{917E1ADF-179F-481A-BB25-7051BA60AE3A}"
EndProject
Project("{8BC9CEB8-8B4A-11D0-8D11-00A0C91BC942}") = "ClassReferenceTest", "ClassReferenceTest\ClassReferenceTest.vcxproj", "{FF274441-FAB7-4782-95FB-CEF373F789D9}"
EndProject
Project("{8BC9CEB8-8B4A-11D0-8D11-00A0C91BC942}") = "Ex_ConstMethod", "Ex_ConstMethod\Ex_ConstMethod.vcxproj", "{8E97ECCF-32A8-4A2A-B2BA-C6B679F497E5}"
EndProject
Project("{8BC9CEB8-8B4A-11D0-8D11-00A0C91BC942}") = "MutableMemberTest", "MutableMemberTest\MutableMemberTest.vcxproj", "{368D9D11-B226-423F-842A-B9396DEBE341}"
EndProject
Project("{8BC9CEB8-8B4A-11D0-8D11-00A0C91BC942}") = "14_const&staticMethod", "14_const&staticMethod\14_const&staticMethod.vcxproj", "{FFBE2468-B539-45DF-AC43-856BBDF7A116}"
EndProject
Project("{8BC9CEB8-8B4A-11D0-8D11-00A0C91BC942}") = "15_mutable", "15_mutable\15_mutable.vcxproj", "{466EA9A0-0D38-497F-9C93-55202E5F9D7D}"
EndProject
Project("{8BC9CEB8-8B4A-11D0-8D11-00A0C91BC942}") = "16_Overloading", "16_Overloading\16_Overloading.vcxproj", "{1A9E51AA-B066-4844-9400-A686288C9493}"
EndProject
Project("{8BC9CEB8-8B4A-11D0-8D11-00A0C91BC942}") = "17_DefaultParameter", "17_DefaultParameter\17_DefaultParameter.vcxproj", "{7B97E135-55FF-4D9D-A461-17D2A6229CD7}"
EndProject
Project("{8BC9CEB8-8B4A-11D0-8D11-00A0C91BC942}") = "18_InlineDeclare", "18_InlineDeclare\18_InlineDeclare.vcxproj", "{EF66FA82-0ED5-4B8E-81D2-B6E7D499B71F}"
EndProject
Project("{8BC9CEB8-8B4A-11D0-8D11-00A0C91BC942}") = "19_InnerClass", "19_InnerClass\19_InnerClass.vcxproj", "{89EDAA16-3559-4388-8B85-A4490159A44A}"
EndProject
Project("{2150E333-8FDC-42A3-9474-1A3956D46DE8}") = "Modu", "Modu", "{F5B1532F-991D-41AE-AE4D-B4CB201DAFEF}"
EndProject
Project("{8BC9CEB8-8B4A-11D0-8D11-00A0C91BC942}") = "01_OOP", "01_OOP\01_OOP.vcxproj", "{5867E2E0-CB8D-4804-8E28-AD686A11C747}"
EndProject
Project("{2150E333-8FDC-42A3-9474-1A3956D46DE8}") = "EX", "EX", "{C8DE2F04-679F-454D-8206-2B95FA022932}"
EndProject
Project("{8BC9CEB8-8B4A-11D0-8D11-00A0C91BC942}") = "DateApp", "DateApp\DateApp.vcxproj", "{E2DD335F-7702-4650-9655-6C0C1900A0DE}"
EndProject
Project("{8BC9CEB8-8B4A-11D0-8D11-00A0C91BC942}") = "EX_MathApp", "EX_MathApp\EX_MathApp.vcxproj", "{DF6D3F0B-B2C4-4D5C-A624-6F06AB8D40C5}"
EndProject
Project("{8BC9CEB8-8B4A-11D0-8D11-00A0C91BC942}") = "EX_MyString", "EX_MyString\EX_MyString.vcxproj", "{2731FADF-BC3C-421B-B7CD-9697D8959168}"
EndProject
Project("{8BC9CEB8-8B4A-11D0-8D11-00A0C91BC942}") = "EX_Complex", "EX_Complex\EX_Complex.vcxproj", "{38DB8886-B433-484A-8ECA-BC4703E54D1F}"
EndProject
Project("{8BC9CEB8-8B4A-11D0-8D11-00A0C91BC942}") = "EX_Wrapper", "EX_Wrapper\EX_Wrapper.vcxproj", "{DAE3102F-A10F-4A0A-8F43-2F92C63C234E}"
EndProject
Project("{8BC9CEB8-8B4A-11D0-8D11-00A0C91BC942}") = "EX_Array", "EX_Array\EX_Array.vcxproj", "{D08F3972-235E-458D-88C6-FEF0EDBEAB93}"
EndProject
Project("{8BC9CEB8-8B4A-11D0-8D11-00A0C91BC942}") = "EX_EmployeeSys", "EX_EmployeeSys\EX_EmployeeSys.vcxproj", "{6E91B22E-3C4F-4C42-828C-43FD218A4882}"
EndProject
Project("{8BC9CEB8-8B4A-11D0-8D11-00A0C91BC942}") = "02_Inheritance", "02_Inheritance\02_Inheritance.vcxproj", "{DC79C1C0-BB3F-4A9A-9D43-28BF777063FE}"
EndProject
Project("{8BC9CEB8-8B4A-11D0-8D11-00A0C91BC942}") = "03_EXvirtual", "03_EXvirtual\03_EXvirtual.vcxproj", "{F484B6D3-963D-4A34-859E-83BD66C442AD}"
EndProject
Project("{8BC9CEB8-8B4A-11D0-8D11-00A0C91BC942}") = "04_AbstructClass", "04_AbstructClass\04_AbstructClass.vcxproj", "{40E5DF59-4C95-4B90-BC25-BD00B6A4DC18}"
EndProject
Project("{8BC9CEB8-8B4A-11D0-8D11-00A0C91BC942}") = "05_MultiInheritance", "05_MultiInheritance\05_MultiInheritance.vcxproj", "{B21F2901-391E-47FB-8592-CFD3DF7D958E}"
EndProject
Project("{8BC9CEB8-8B4A-11D0-8D11-00A0C91BC942}") = "06_ios", "06_ios\06_ios.vcxproj", "{7F649436-5B69-4C47-AF90-DED0FED37009}"
EndProject
Project("{8BC9CEB8-8B4A-11D0-8D11-00A0C91BC942}") = "07_fstream", "07_fstream\07_fstream.vcxproj", "{1472BE54-FFBD-49DB-BF64-8121E7A37C27}"
EndProject
Project("{8BC9CEB8-8B4A-11D0-8D11-00A0C91BC942}") = "EX_DataCell", "EX_DataCell\EX_DataCell.vcxproj", "{E88CB54E-A768-4649-912A-09F7B7D51B7A}"
EndProject
Project("{8BC9CEB8-8B4A-11D0-8D11-00A0C91BC942}") = "MySTL", "MySTL\MySTL.vcxproj", "{6493FF2B-78AE-4522-9CC4-C354E37995D6}"
EndProject
Project("{2150E333-8FDC-42A3-9474-1A3956D46DE8}") = "ExpertCPP", "ExpertCPP", "{E04C7866-BD4E-4D0A-90BD-BEA5213B98F6}"
EndProject
Project("{8BC9CEB8-8B4A-11D0-8D11-00A0C91BC942}") = "08_template", "08_template\08_template.vcxproj", "{714606B2-93C1-48A2-8AE2-DCC3D7E72C63}"
EndProject
Project("{8BC9CEB8-8B4A-11D0-8D11-00A0C91BC942}") = "09_functor", "09_functor\09_functor.vcxproj", "{9D798E40-7ECB-40CC-B3B1-F4401C8A5F4A}"
EndProject
Project("{8BC9CEB8-8B4A-11D0-8D11-00A0C91BC942}") = "10_VariadicTemplate", "10_VariadicTemplate\10_VariadicTemplate.vcxproj", "{14FC3F56-4175-4105-8DA1-D4F20A160375}"
EndProject
Project("{8BC9CEB8-8B4A-11D0-8D11-00A0C91BC942}") = "11_MetaProgramming", "11_MetaProgramming\11_MetaProgramming.vcxproj", "{67C2B60B-2932-4C04-B2AC-73438F5C2A0F}"
EndProject
Project("{8BC9CEB8-8B4A-11D0-8D11-00A0C91BC942}") = "EX_TMP", "EX_TMP\EX_TMP.vcxproj", "{F38DE321-FBA3-4B42-929B-EEA7E1D0C258}"
EndProject
Project("{8BC9CEB8-8B4A-11D0-8D11-00A0C91BC942}") = "12_auto", "12_auto\12_auto.vcxproj", "{6114ECBE-E752-4957-8848-379BC3AE6B49}"
EndProject
Project("{8BC9CEB8-8B4A-11D0-8D11-00A0C91BC942}") = "13_Algorithm", "13_Algorithm\13_Algorithm.vcxproj", "{03FCBFA8-A179-445E-A475-16EA2FDA1A03}"
EndProject
Project("{8BC9CEB8-8B4A-11D0-8D11-00A0C91BC942}") = "14_basic_string", "14_basic_string\14_basic_string.vcxproj", "{40BDB80F-30BA-494E-A2FE-95B88145A048}"
EndProject
Project("{8BC9CEB8-8B4A-11D0-8D11-00A0C91BC942}") = "15_UTF_encoding", "15_UTF_encoding\15_UTF_encoding.vcxproj", "{ABA52411-53F0-43DC-9051-F72894F3B7BC}"
EndProject
Project("{8BC9CEB8-8B4A-11D0-8D11-00A0C91BC942}") = "EX_Hangle", "EX_Hangle\EX_Hangle.vcxproj", "{7BCA267D-728D-413D-AF94-B5A43BE609CB}"
EndProject
Project("{8BC9CEB8-8B4A-11D0-8D11-00A0C91BC942}") = "16_string_view", "16_string_view\16_string_view.vcxproj", "{47102F24-B2FB-4A3B-9AD1-13AD30F4249F}"
EndProject
Project("{8BC9CEB8-8B4A-11D0-8D11-00A0C91BC942}") = "17_exception", "17_exception\17_exception.vcxproj", "{D62E6E0A-CEED-4A61-AA8B-57641B28E449}"
EndProject
Project("{8BC9CEB8-8B4A-11D0-8D11-00A0C91BC942}") = "18_CopyElision", "18_CopyElision\18_CopyElision.vcxproj", "{3D13371D-C2E0-4AE2-804D-CB617B220505}"
EndProject
Project("{8BC9CEB8-8B4A-11D0-8D11-00A0C91BC942}") = "19_lvalue&rvalue", "19_lvalue&rvalue\19_lvalue&rvalue.vcxproj", "{F346B786-975D-43C7-B918-33EDCDD5B186}"
EndProject
Project("{8BC9CEB8-8B4A-11D0-8D11-00A0C91BC942}") = "20_noexceptEx", "20_noexceptEx\20_noexceptEx.vcxproj", "{524EA6D2-315B-4EE4-9A8F-952EDF4C9948}"
EndProject
Project("{8BC9CEB8-8B4A-11D0-8D11-00A0C91BC942}") = "21_SmartPointer", "21_SmartPointer\21_SmartPointer.vcxproj", "{DB385E1E-0E25-4053-BC14-6C6F61513B1F}"
EndProject
Project("{8BC9CEB8-8B4A-11D0-8D11-00A0C91BC942}") = "EX_FamilyTree", "EX_FamilyTree\EX_FamilyTree.vcxproj", "{03C6E931-85A4-4773-A064-DD5F2994042E}"
EndProject
Project("{8BC9CEB8-8B4A-11D0-8D11-00A0C91BC942}") = "22_functional", "22_functional\22_functional.vcxproj", "{B9B76F81-9114-4B91-82E3-F1AE58074BA2}"
EndProject
Project("{8BC9CEB8-8B4A-11D0-8D11-00A0C91BC942}") = "23_Thread", "23_Thread\23_Thread.vcxproj", "{CDF3ADB5-7FA1-4312-9C43-A252836DE504}"
EndProject
Project("{8BC9CEB8-8B4A-11D0-8D11-00A0C91BC942}") = "EX_Producer&ConsumerPattern", "EX_Producer&ConsumerPattern\EX_Producer&ConsumerPattern.vcxproj", "{E5AF9799-33FE-41C8-900B-814356F2E732}"
EndProject
Project("{8BC9CEB8-8B4A-11D0-8D11-00A0C91BC942}") = "24_atomic", "24_atomic\24_atomic.vcxproj", "{266AD2FF-791C-4AB4-A56C-EFAA87A934FC}"
EndProject
Project("{8BC9CEB8-8B4A-11D0-8D11-00A0C91BC942}") = "25_CacheLocality", "25_CacheLocality\25_CacheLocality.vcxproj", "{A4E500B8-6095-4CA8-94D7-830143CBB7AD}"
EndProject
Project("{8BC9CEB8-8B4A-11D0-8D11-00A0C91BC942}") = "26_promise&future", "26_promise&future\26_promise&future.vcxproj", "{DF8403E9-5A91-4F0B-BE1B-144FB71E0423}"
EndProject
Project("{8BC9CEB8-8B4A-11D0-8D11-00A0C91BC942}") = "27_shared_future", "27_shared_future\27_shared_future.vcxproj", "{1920728B-7B11-4024-9B98-9BF0FF114856}"
EndProject
Project("{8BC9CEB8-8B4A-11D0-8D11-00A0C91BC942}") = "28_pakaged_task", "28_pakaged_task\28_pakaged_task.vcxproj", "{FF389CA6-FD3A-425D-99B8-3520663EABB7}"
EndProject
Project("{8BC9CEB8-8B4A-11D0-8D11-00A0C91BC942}") = "EX_Async_Find", "EX_Async_Find\EX_Async_Find.vcxproj", "{01AB4BC5-1EC6-4CC3-890A-8C624548BB8A}"
EndProject
Project("{8BC9CEB8-8B4A-11D0-8D11-00A0C91BC942}") = "EX_ThreadPool", "EX_ThreadPool\EX_ThreadPool.vcxproj", "{6EAB352F-BC84-44E8-A4F4-558836149046}"
EndProject
Project("{8BC9CEB8-8B4A-11D0-8D11-00A0C91BC942}") = "30_UniformInitialization", "30_UniformInitialization\30_UniformInitialization.vcxproj", "{18BF38B6-5E43-4970-A5B9-007BC1FC9B12}"
EndProject
Project("{8BC9CEB8-8B4A-11D0-8D11-00A0C91BC942}") = "31_constexpr", "31_constexpr\31_constexpr.vcxproj", "{930D168C-0233-445E-B6A5-2F14C3CD49B4}"
EndProject
Project("{8BC9CEB8-8B4A-11D0-8D11-00A0C91BC942}") = "32_Literal", "32_Literal\32_Literal.vcxproj", "{1E223505-18FF-4A17-885E-228DAEC7ED1E}"
EndProject
Project("{8BC9CEB8-8B4A-11D0-8D11-00A0C91BC942}") = "33_if_constexpr", "33_if_constexpr\33_if_constexpr.vcxproj", "{6E28FDB9-C0C4-4CAF-933F-5EEA1703E22E}"
EndProject
Project("{8BC9CEB8-8B4A-11D0-8D11-00A0C91BC942}") = "34_decltype", "34_decltype\34_decltype.vcxproj", "{29E3A21A-9906-483F-8E2E-6503E74904C9}"
EndProject
Project("{8BC9CEB8-8B4A-11D0-8D11-00A0C91BC942}") = "35_ValueCategory", "35_ValueCategory\35_ValueCategory.vcxproj", "{969AE680-313B-4D43-A85C-6E40F7872DF1}"
EndProject
Project("{8BC9CEB8-8B4A-11D0-8D11-00A0C91BC942}") = "36_declval", "36_declval\36_declval.vcxproj", "{0D4151D0-C6D1-48FC-B02D-F9F578F32212}"
EndProject
Project("{8BC9CEB8-8B4A-11D0-8D11-00A0C91BC942}") = "37_TraitTypes", "37_TraitTypes\37_TraitTypes.vcxproj", "{4AC722BB-EC3D-41E9-886B-2645278253B2}"
EndProject
Project("{8BC9CEB8-8B4A-11D0-8D11-00A0C91BC942}") = "38_SFINAE", "38_SFINAE\38_SFINAE.vcxproj", "{6054E32E-19D9-4B25-9FBF-EE52ED3C578C}"
EndProject
Project("{8BC9CEB8-8B4A-11D0-8D11-00A0C91BC942}") = "39_regex", "39_regex\39_regex.vcxproj", "{CF90E2F7-2425-42DA-96D0-FF11B4F32E5A}"
EndProject
Project("{8BC9CEB8-8B4A-11D0-8D11-00A0C91BC942}") = "40_random", "40_random\40_random.vcxproj", "{FEC0AF62-ACD8-4D06-AA31-8D058120A1A7}"
EndProject
Project("{8BC9CEB8-8B4A-11D0-8D11-00A0C91BC942}") = "41_chrono", "41_chrono\41_chrono.vcxproj", "{86A6F6EB-6B88-4CE2-A76F-98D086E74AA0}"
EndProject
Project("{8BC9CEB8-8B4A-11D0-8D11-00A0C91BC942}") = "42_filesystem", "42_filesystem\42_filesystem.vcxproj", "{E7BB5233-41E6-4A56-A33E-F61AE0903A17}"
EndProject
Project("{8BC9CEB8-8B4A-11D0-8D11-00A0C91BC942}") = "43_optional", "43_optional\43_optional.vcxproj", "{6B8951D8-B403-439A-A545-68BC333B2DEB}"
EndProject
Project("{8BC9CEB8-8B4A-11D0-8D11-00A0C91BC942}") = "29_async", "29_async\29_async.vcxproj", "{E45D0557-E1E0-4C44-B39E-A7D5DD70C32F}"
EndProject
Project("{8BC9CEB8-8B4A-11D0-8D11-00A0C91BC942}") = "44_variant", "44_variant\44_variant.vcxproj", "{6B22CAFF-06BD-4348-B087-A8CE3CCA5A96}"
EndProject
Project("{8BC9CEB8-8B4A-11D0-8D11-00A0C91BC942}") = "44_tuple", "44_tuple\44_tuple.vcxproj", "{01E05ED0-48EA-4A66-ACE0-10C1FF4CB92C}"
EndProject
Project("{2150E333-8FDC-42A3-9474-1A3956D46DE8}") = "EffectiveCpp", "EffectiveCpp", "{8E7593AC-2E58-428C-B714-ACBBE53B3BF0}"
EndProject
Project("{8BC9CEB8-8B4A-11D0-8D11-00A0C91BC942}") = "UncopyableClass", "UncopyableClass\UncopyableClass.vcxproj", "{CB34D66C-F650-4EB0-96CE-FC3435AD3487}"
EndProject
Project("{8BC9CEB8-8B4A-11D0-8D11-00A0C91BC942}") = "UndefineStatus", "UndefineStatus\UndefineStatus.vcxproj", "{3239B5B8-452A-446A-A6F3-03D3A392B358}"
EndProject
Project("{8BC9CEB8-8B4A-11D0-8D11-00A0C91BC942}") = "Pair_new&delete", "Pair_new&delete\Pair_new&delete.vcxproj", "{4831566C-6207-420D-8D73-7E034D91A369}"
EndProject
Project("{8BC9CEB8-8B4A-11D0-8D11-00A0C91BC942}") = "NoExceptSwap", "NoExceptSwap\NoExceptSwap.vcxproj", "{C63F3A1C-4C28-4507-9847-38197FD889E2}"
EndProject
Project("{8BC9CEB8-8B4A-11D0-8D11-00A0C91BC942}") = "DelayVariableDefinition", "DelayVariableDefinition\DelayVariableDefinition.vcxproj", "{4B6AF436-FC39-4805-BE96-F496A687FB76}"
EndProject
Project("{8BC9CEB8-8B4A-11D0-8D11-00A0C91BC942}") = "CastingCaution", "CastingCaution\CastingCaution.vcxproj", "{09D2E66C-A75A-408A-AF9D-C7668C8C695C}"
EndProject
Project("{8BC9CEB8-8B4A-11D0-8D11-00A0C91BC942}") = "ExceptionSafety", "ExceptionSafety\ExceptionSafety.vcxproj", "{D0CDDECA-AE92-43FF-96FF-1614525EAC8B}"
EndProject
Project("{8BC9CEB8-8B4A-11D0-8D11-00A0C91BC942}") = "Inline", "Inline\Inline.vcxproj", "{39255A7A-AAC7-4831-B42B-8B617D392967}"
EndProject
Project("{8BC9CEB8-8B4A-11D0-8D11-00A0C91BC942}") = "ValidScope", "ValidScope\ValidScope.vcxproj", "{42C41545-8F55-49E0-9C16-A8C2D21C48C7}"
EndProject
Project("{8BC9CEB8-8B4A-11D0-8D11-00A0C91BC942}") = "Interface&ImplementInheritance", "Interface&ImplementInheritance\Interface&ImplementInheritance.vcxproj", "{C32FD76A-2DA5-4BDB-80DE-0C63ECAEDDB2}"
EndProject
Project("{8BC9CEB8-8B4A-11D0-8D11-00A0C91BC942}") = "dynamic&staticBinding", "dynamic&staticBinding\dynamic&staticBinding.vcxproj", "{8C5B75F7-62BB-432D-AF06-089AB74EAA65}"
EndProject
Project("{8BC9CEB8-8B4A-11D0-8D11-00A0C91BC942}") = "TemplateInterface", "TemplateInterface\TemplateInterface.vcxproj", "{19F6351A-2169-4254-A032-537436DFCC01}"
EndProject
Project("{8BC9CEB8-8B4A-11D0-8D11-00A0C91BC942}") = "new_handler", "..\..\MyLib\CPlusCplus\new_handler\new_handler.vcxproj", "{0ACF997F-FB11-4476-8D87-EAE9D48D4894}"
EndProject
Project("{8BC9CEB8-8B4A-11D0-8D11-00A0C91BC942}") = "PlacedNew&Delete", "PlacedNew&Delete\PlacedNew&Delete.vcxproj", "{8B149FBC-1D3D-4B6C-AD5D-3970939AFA1C}"
EndProject
Project("{8BC9CEB8-8B4A-11D0-8D11-00A0C91BC942}") = "CompilerWarning", "CompilerWarning\CompilerWarning.vcxproj", "{FC7446EB-A462-4B05-8792-DE9F14975BCA}"
EndProject
Global
	GlobalSection(SolutionConfigurationPlatforms) = preSolution
		Debug|x64 = Debug|x64
		Debug|x86 = Debug|x86
		Release|x64 = Release|x64
		Release|x86 = Release|x86
	EndGlobalSection
	GlobalSection(ProjectConfigurationPlatforms) = postSolution
		{C9832A2E-F2AC-499F-AAC3-7F92A25537E3}.Debug|x64.ActiveCfg = Debug|x64
		{C9832A2E-F2AC-499F-AAC3-7F92A25537E3}.Debug|x64.Build.0 = Debug|x64
		{C9832A2E-F2AC-499F-AAC3-7F92A25537E3}.Debug|x86.ActiveCfg = Debug|Win32
		{C9832A2E-F2AC-499F-AAC3-7F92A25537E3}.Debug|x86.Build.0 = Debug|Win32
		{C9832A2E-F2AC-499F-AAC3-7F92A25537E3}.Release|x64.ActiveCfg = Release|x64
		{C9832A2E-F2AC-499F-AAC3-7F92A25537E3}.Release|x64.Build.0 = Release|x64
		{C9832A2E-F2AC-499F-AAC3-7F92A25537E3}.Release|x86.ActiveCfg = Release|Win32
		{C9832A2E-F2AC-499F-AAC3-7F92A25537E3}.Release|x86.Build.0 = Release|Win32
		{336C4612-B503-4DAE-91CD-0249BBACC762}.Debug|x64.ActiveCfg = Debug|x64
		{336C4612-B503-4DAE-91CD-0249BBACC762}.Debug|x64.Build.0 = Debug|x64
		{336C4612-B503-4DAE-91CD-0249BBACC762}.Debug|x86.ActiveCfg = Debug|Win32
		{336C4612-B503-4DAE-91CD-0249BBACC762}.Debug|x86.Build.0 = Debug|Win32
		{336C4612-B503-4DAE-91CD-0249BBACC762}.Release|x64.ActiveCfg = Release|x64
		{336C4612-B503-4DAE-91CD-0249BBACC762}.Release|x64.Build.0 = Release|x64
		{336C4612-B503-4DAE-91CD-0249BBACC762}.Release|x86.ActiveCfg = Release|Win32
		{336C4612-B503-4DAE-91CD-0249BBACC762}.Release|x86.Build.0 = Release|Win32
		{1186CD1B-2A55-4570-BA66-6A4778148943}.Debug|x64.ActiveCfg = Debug|x64
		{1186CD1B-2A55-4570-BA66-6A4778148943}.Debug|x64.Build.0 = Debug|x64
		{1186CD1B-2A55-4570-BA66-6A4778148943}.Debug|x86.ActiveCfg = Debug|Win32
		{1186CD1B-2A55-4570-BA66-6A4778148943}.Debug|x86.Build.0 = Debug|Win32
		{1186CD1B-2A55-4570-BA66-6A4778148943}.Release|x64.ActiveCfg = Release|x64
		{1186CD1B-2A55-4570-BA66-6A4778148943}.Release|x64.Build.0 = Release|x64
		{1186CD1B-2A55-4570-BA66-6A4778148943}.Release|x86.ActiveCfg = Release|Win32
		{1186CD1B-2A55-4570-BA66-6A4778148943}.Release|x86.Build.0 = Release|Win32
		{88527F1A-A5F6-4C1E-9D07-A5094FAA838E}.Debug|x64.ActiveCfg = Debug|x64
		{88527F1A-A5F6-4C1E-9D07-A5094FAA838E}.Debug|x64.Build.0 = Debug|x64
		{88527F1A-A5F6-4C1E-9D07-A5094FAA838E}.Debug|x86.ActiveCfg = Debug|Win32
		{88527F1A-A5F6-4C1E-9D07-A5094FAA838E}.Debug|x86.Build.0 = Debug|Win32
		{88527F1A-A5F6-4C1E-9D07-A5094FAA838E}.Release|x64.ActiveCfg = Release|x64
		{88527F1A-A5F6-4C1E-9D07-A5094FAA838E}.Release|x64.Build.0 = Release|x64
		{88527F1A-A5F6-4C1E-9D07-A5094FAA838E}.Release|x86.ActiveCfg = Release|Win32
		{88527F1A-A5F6-4C1E-9D07-A5094FAA838E}.Release|x86.Build.0 = Release|Win32
		{347BED6F-3080-4160-ADB5-5112FEF2D56B}.Debug|x64.ActiveCfg = Debug|x64
		{347BED6F-3080-4160-ADB5-5112FEF2D56B}.Debug|x64.Build.0 = Debug|x64
		{347BED6F-3080-4160-ADB5-5112FEF2D56B}.Debug|x86.ActiveCfg = Debug|Win32
		{347BED6F-3080-4160-ADB5-5112FEF2D56B}.Debug|x86.Build.0 = Debug|Win32
		{347BED6F-3080-4160-ADB5-5112FEF2D56B}.Release|x64.ActiveCfg = Release|x64
		{347BED6F-3080-4160-ADB5-5112FEF2D56B}.Release|x64.Build.0 = Release|x64
		{347BED6F-3080-4160-ADB5-5112FEF2D56B}.Release|x86.ActiveCfg = Release|Win32
		{347BED6F-3080-4160-ADB5-5112FEF2D56B}.Release|x86.Build.0 = Release|Win32
		{822C82B5-50F5-44C5-8B4A-6B5E34C1FC5B}.Debug|x64.ActiveCfg = Debug|x64
		{822C82B5-50F5-44C5-8B4A-6B5E34C1FC5B}.Debug|x64.Build.0 = Debug|x64
		{822C82B5-50F5-44C5-8B4A-6B5E34C1FC5B}.Debug|x86.ActiveCfg = Debug|Win32
		{822C82B5-50F5-44C5-8B4A-6B5E34C1FC5B}.Debug|x86.Build.0 = Debug|Win32
		{822C82B5-50F5-44C5-8B4A-6B5E34C1FC5B}.Release|x64.ActiveCfg = Release|x64
		{822C82B5-50F5-44C5-8B4A-6B5E34C1FC5B}.Release|x64.Build.0 = Release|x64
		{822C82B5-50F5-44C5-8B4A-6B5E34C1FC5B}.Release|x86.ActiveCfg = Release|Win32
		{822C82B5-50F5-44C5-8B4A-6B5E34C1FC5B}.Release|x86.Build.0 = Release|Win32
		{B93F7B64-F2FA-40CF-ADF6-2AC33EB8A322}.Debug|x64.ActiveCfg = Debug|x64
		{B93F7B64-F2FA-40CF-ADF6-2AC33EB8A322}.Debug|x64.Build.0 = Debug|x64
		{B93F7B64-F2FA-40CF-ADF6-2AC33EB8A322}.Debug|x86.ActiveCfg = Debug|Win32
		{B93F7B64-F2FA-40CF-ADF6-2AC33EB8A322}.Debug|x86.Build.0 = Debug|Win32
		{B93F7B64-F2FA-40CF-ADF6-2AC33EB8A322}.Release|x64.ActiveCfg = Release|x64
		{B93F7B64-F2FA-40CF-ADF6-2AC33EB8A322}.Release|x64.Build.0 = Release|x64
		{B93F7B64-F2FA-40CF-ADF6-2AC33EB8A322}.Release|x86.ActiveCfg = Release|Win32
		{B93F7B64-F2FA-40CF-ADF6-2AC33EB8A322}.Release|x86.Build.0 = Release|Win32
		{8B57D951-4353-4435-A0B6-91FCB81E3049}.Debug|x64.ActiveCfg = Debug|x64
		{8B57D951-4353-4435-A0B6-91FCB81E3049}.Debug|x64.Build.0 = Debug|x64
		{8B57D951-4353-4435-A0B6-91FCB81E3049}.Debug|x86.ActiveCfg = Debug|Win32
		{8B57D951-4353-4435-A0B6-91FCB81E3049}.Debug|x86.Build.0 = Debug|Win32
		{8B57D951-4353-4435-A0B6-91FCB81E3049}.Release|x64.ActiveCfg = Release|x64
		{8B57D951-4353-4435-A0B6-91FCB81E3049}.Release|x64.Build.0 = Release|x64
		{8B57D951-4353-4435-A0B6-91FCB81E3049}.Release|x86.ActiveCfg = Release|Win32
		{8B57D951-4353-4435-A0B6-91FCB81E3049}.Release|x86.Build.0 = Release|Win32
		{9157E0DC-E320-4246-ABDE-82CA07B2C646}.Debug|x64.ActiveCfg = Debug|x64
		{9157E0DC-E320-4246-ABDE-82CA07B2C646}.Debug|x64.Build.0 = Debug|x64
		{9157E0DC-E320-4246-ABDE-82CA07B2C646}.Debug|x86.ActiveCfg = Debug|Win32
		{9157E0DC-E320-4246-ABDE-82CA07B2C646}.Debug|x86.Build.0 = Debug|Win32
		{9157E0DC-E320-4246-ABDE-82CA07B2C646}.Release|x64.ActiveCfg = Release|x64
		{9157E0DC-E320-4246-ABDE-82CA07B2C646}.Release|x64.Build.0 = Release|x64
		{9157E0DC-E320-4246-ABDE-82CA07B2C646}.Release|x86.ActiveCfg = Release|Win32
		{9157E0DC-E320-4246-ABDE-82CA07B2C646}.Release|x86.Build.0 = Release|Win32
		{4EBD6E30-726B-43E9-B82E-29562270F212}.Debug|x64.ActiveCfg = Debug|x64
		{4EBD6E30-726B-43E9-B82E-29562270F212}.Debug|x64.Build.0 = Debug|x64
		{4EBD6E30-726B-43E9-B82E-29562270F212}.Debug|x86.ActiveCfg = Debug|Win32
		{4EBD6E30-726B-43E9-B82E-29562270F212}.Debug|x86.Build.0 = Debug|Win32
		{4EBD6E30-726B-43E9-B82E-29562270F212}.Release|x64.ActiveCfg = Release|x64
		{4EBD6E30-726B-43E9-B82E-29562270F212}.Release|x64.Build.0 = Release|x64
		{4EBD6E30-726B-43E9-B82E-29562270F212}.Release|x86.ActiveCfg = Release|Win32
		{4EBD6E30-726B-43E9-B82E-29562270F212}.Release|x86.Build.0 = Release|Win32
		{40996BC0-528C-49DD-BE19-B4C127843B5B}.Debug|x64.ActiveCfg = Debug|x64
		{40996BC0-528C-49DD-BE19-B4C127843B5B}.Debug|x64.Build.0 = Debug|x64
		{40996BC0-528C-49DD-BE19-B4C127843B5B}.Debug|x86.ActiveCfg = Debug|Win32
		{40996BC0-528C-49DD-BE19-B4C127843B5B}.Debug|x86.Build.0 = Debug|Win32
		{40996BC0-528C-49DD-BE19-B4C127843B5B}.Release|x64.ActiveCfg = Release|x64
		{40996BC0-528C-49DD-BE19-B4C127843B5B}.Release|x64.Build.0 = Release|x64
		{40996BC0-528C-49DD-BE19-B4C127843B5B}.Release|x86.ActiveCfg = Release|Win32
		{40996BC0-528C-49DD-BE19-B4C127843B5B}.Release|x86.Build.0 = Release|Win32
		{B84111EB-17C6-4CCD-9CBF-358D81D3B93E}.Debug|x64.ActiveCfg = Debug|x64
		{B84111EB-17C6-4CCD-9CBF-358D81D3B93E}.Debug|x64.Build.0 = Debug|x64
		{B84111EB-17C6-4CCD-9CBF-358D81D3B93E}.Debug|x86.ActiveCfg = Debug|Win32
		{B84111EB-17C6-4CCD-9CBF-358D81D3B93E}.Debug|x86.Build.0 = Debug|Win32
		{B84111EB-17C6-4CCD-9CBF-358D81D3B93E}.Release|x64.ActiveCfg = Release|x64
		{B84111EB-17C6-4CCD-9CBF-358D81D3B93E}.Release|x64.Build.0 = Release|x64
		{B84111EB-17C6-4CCD-9CBF-358D81D3B93E}.Release|x86.ActiveCfg = Release|Win32
		{B84111EB-17C6-4CCD-9CBF-358D81D3B93E}.Release|x86.Build.0 = Release|Win32
		{E891CA38-BAA4-421B-8117-FEF0BA610119}.Debug|x64.ActiveCfg = Debug|x64
		{E891CA38-BAA4-421B-8117-FEF0BA610119}.Debug|x64.Build.0 = Debug|x64
		{E891CA38-BAA4-421B-8117-FEF0BA610119}.Debug|x86.ActiveCfg = Debug|Win32
		{E891CA38-BAA4-421B-8117-FEF0BA610119}.Debug|x86.Build.0 = Debug|Win32
		{E891CA38-BAA4-421B-8117-FEF0BA610119}.Release|x64.ActiveCfg = Release|x64
		{E891CA38-BAA4-421B-8117-FEF0BA610119}.Release|x64.Build.0 = Release|x64
		{E891CA38-BAA4-421B-8117-FEF0BA610119}.Release|x86.ActiveCfg = Release|Win32
		{E891CA38-BAA4-421B-8117-FEF0BA610119}.Release|x86.Build.0 = Release|Win32
		{D0F82C37-6058-4575-9E22-8100A1F71B2B}.Debug|x64.ActiveCfg = Debug|x64
		{D0F82C37-6058-4575-9E22-8100A1F71B2B}.Debug|x64.Build.0 = Debug|x64
		{D0F82C37-6058-4575-9E22-8100A1F71B2B}.Debug|x86.ActiveCfg = Debug|Win32
		{D0F82C37-6058-4575-9E22-8100A1F71B2B}.Debug|x86.Build.0 = Debug|Win32
		{D0F82C37-6058-4575-9E22-8100A1F71B2B}.Release|x64.ActiveCfg = Release|x64
		{D0F82C37-6058-4575-9E22-8100A1F71B2B}.Release|x64.Build.0 = Release|x64
		{D0F82C37-6058-4575-9E22-8100A1F71B2B}.Release|x86.ActiveCfg = Release|Win32
		{D0F82C37-6058-4575-9E22-8100A1F71B2B}.Release|x86.Build.0 = Release|Win32
		{B474942B-C604-4BA8-A228-7946A6003D06}.Debug|x64.ActiveCfg = Debug|x64
		{B474942B-C604-4BA8-A228-7946A6003D06}.Debug|x64.Build.0 = Debug|x64
		{B474942B-C604-4BA8-A228-7946A6003D06}.Debug|x86.ActiveCfg = Debug|Win32
		{B474942B-C604-4BA8-A228-7946A6003D06}.Debug|x86.Build.0 = Debug|Win32
		{B474942B-C604-4BA8-A228-7946A6003D06}.Release|x64.ActiveCfg = Release|x64
		{B474942B-C604-4BA8-A228-7946A6003D06}.Release|x64.Build.0 = Release|x64
		{B474942B-C604-4BA8-A228-7946A6003D06}.Release|x86.ActiveCfg = Release|Win32
		{B474942B-C604-4BA8-A228-7946A6003D06}.Release|x86.Build.0 = Release|Win32
		{2CEDECE7-728F-4BBD-82ED-E6C239F32413}.Debug|x64.ActiveCfg = Debug|x64
		{2CEDECE7-728F-4BBD-82ED-E6C239F32413}.Debug|x64.Build.0 = Debug|x64
		{2CEDECE7-728F-4BBD-82ED-E6C239F32413}.Debug|x86.ActiveCfg = Debug|Win32
		{2CEDECE7-728F-4BBD-82ED-E6C239F32413}.Debug|x86.Build.0 = Debug|Win32
		{2CEDECE7-728F-4BBD-82ED-E6C239F32413}.Release|x64.ActiveCfg = Release|x64
		{2CEDECE7-728F-4BBD-82ED-E6C239F32413}.Release|x64.Build.0 = Release|x64
		{2CEDECE7-728F-4BBD-82ED-E6C239F32413}.Release|x86.ActiveCfg = Release|Win32
		{2CEDECE7-728F-4BBD-82ED-E6C239F32413}.Release|x86.Build.0 = Release|Win32
		{3FFCD6DA-3C42-441F-8A72-48B477433379}.Debug|x64.ActiveCfg = Debug|x64
		{3FFCD6DA-3C42-441F-8A72-48B477433379}.Debug|x64.Build.0 = Debug|x64
		{3FFCD6DA-3C42-441F-8A72-48B477433379}.Debug|x86.ActiveCfg = Debug|Win32
		{3FFCD6DA-3C42-441F-8A72-48B477433379}.Debug|x86.Build.0 = Debug|Win32
		{3FFCD6DA-3C42-441F-8A72-48B477433379}.Release|x64.ActiveCfg = Release|x64
		{3FFCD6DA-3C42-441F-8A72-48B477433379}.Release|x64.Build.0 = Release|x64
		{3FFCD6DA-3C42-441F-8A72-48B477433379}.Release|x86.ActiveCfg = Release|Win32
		{3FFCD6DA-3C42-441F-8A72-48B477433379}.Release|x86.Build.0 = Release|Win32
		{2E3E75BE-5A84-4FC7-80F5-623468593E8F}.Debug|x64.ActiveCfg = Debug|x64
		{2E3E75BE-5A84-4FC7-80F5-623468593E8F}.Debug|x64.Build.0 = Debug|x64
		{2E3E75BE-5A84-4FC7-80F5-623468593E8F}.Debug|x86.ActiveCfg = Debug|Win32
		{2E3E75BE-5A84-4FC7-80F5-623468593E8F}.Debug|x86.Build.0 = Debug|Win32
		{2E3E75BE-5A84-4FC7-80F5-623468593E8F}.Release|x64.ActiveCfg = Release|x64
		{2E3E75BE-5A84-4FC7-80F5-623468593E8F}.Release|x64.Build.0 = Release|x64
		{2E3E75BE-5A84-4FC7-80F5-623468593E8F}.Release|x86.ActiveCfg = Release|Win32
		{2E3E75BE-5A84-4FC7-80F5-623468593E8F}.Release|x86.Build.0 = Release|Win32
		{FF274441-FAB7-4782-95FB-CEF373F789D9}.Debug|x64.ActiveCfg = Debug|x64
		{FF274441-FAB7-4782-95FB-CEF373F789D9}.Debug|x64.Build.0 = Debug|x64
		{FF274441-FAB7-4782-95FB-CEF373F789D9}.Debug|x86.ActiveCfg = Debug|Win32
		{FF274441-FAB7-4782-95FB-CEF373F789D9}.Debug|x86.Build.0 = Debug|Win32
		{FF274441-FAB7-4782-95FB-CEF373F789D9}.Release|x64.ActiveCfg = Release|x64
		{FF274441-FAB7-4782-95FB-CEF373F789D9}.Release|x64.Build.0 = Release|x64
		{FF274441-FAB7-4782-95FB-CEF373F789D9}.Release|x86.ActiveCfg = Release|Win32
		{FF274441-FAB7-4782-95FB-CEF373F789D9}.Release|x86.Build.0 = Release|Win32
		{8E97ECCF-32A8-4A2A-B2BA-C6B679F497E5}.Debug|x64.ActiveCfg = Debug|x64
		{8E97ECCF-32A8-4A2A-B2BA-C6B679F497E5}.Debug|x64.Build.0 = Debug|x64
		{8E97ECCF-32A8-4A2A-B2BA-C6B679F497E5}.Debug|x86.ActiveCfg = Debug|Win32
		{8E97ECCF-32A8-4A2A-B2BA-C6B679F497E5}.Debug|x86.Build.0 = Debug|Win32
		{8E97ECCF-32A8-4A2A-B2BA-C6B679F497E5}.Release|x64.ActiveCfg = Release|x64
		{8E97ECCF-32A8-4A2A-B2BA-C6B679F497E5}.Release|x64.Build.0 = Release|x64
		{8E97ECCF-32A8-4A2A-B2BA-C6B679F497E5}.Release|x86.ActiveCfg = Release|Win32
		{8E97ECCF-32A8-4A2A-B2BA-C6B679F497E5}.Release|x86.Build.0 = Release|Win32
		{368D9D11-B226-423F-842A-B9396DEBE341}.Debug|x64.ActiveCfg = Debug|x64
		{368D9D11-B226-423F-842A-B9396DEBE341}.Debug|x64.Build.0 = Debug|x64
		{368D9D11-B226-423F-842A-B9396DEBE341}.Debug|x86.ActiveCfg = Debug|Win32
		{368D9D11-B226-423F-842A-B9396DEBE341}.Debug|x86.Build.0 = Debug|Win32
		{368D9D11-B226-423F-842A-B9396DEBE341}.Release|x64.ActiveCfg = Release|x64
		{368D9D11-B226-423F-842A-B9396DEBE341}.Release|x64.Build.0 = Release|x64
		{368D9D11-B226-423F-842A-B9396DEBE341}.Release|x86.ActiveCfg = Release|Win32
		{368D9D11-B226-423F-842A-B9396DEBE341}.Release|x86.Build.0 = Release|Win32
		{FFBE2468-B539-45DF-AC43-856BBDF7A116}.Debug|x64.ActiveCfg = Debug|x64
		{FFBE2468-B539-45DF-AC43-856BBDF7A116}.Debug|x64.Build.0 = Debug|x64
		{FFBE2468-B539-45DF-AC43-856BBDF7A116}.Debug|x86.ActiveCfg = Debug|Win32
		{FFBE2468-B539-45DF-AC43-856BBDF7A116}.Debug|x86.Build.0 = Debug|Win32
		{FFBE2468-B539-45DF-AC43-856BBDF7A116}.Release|x64.ActiveCfg = Release|x64
		{FFBE2468-B539-45DF-AC43-856BBDF7A116}.Release|x64.Build.0 = Release|x64
		{FFBE2468-B539-45DF-AC43-856BBDF7A116}.Release|x86.ActiveCfg = Release|Win32
		{FFBE2468-B539-45DF-AC43-856BBDF7A116}.Release|x86.Build.0 = Release|Win32
		{466EA9A0-0D38-497F-9C93-55202E5F9D7D}.Debug|x64.ActiveCfg = Debug|x64
		{466EA9A0-0D38-497F-9C93-55202E5F9D7D}.Debug|x64.Build.0 = Debug|x64
		{466EA9A0-0D38-497F-9C93-55202E5F9D7D}.Debug|x86.ActiveCfg = Debug|Win32
		{466EA9A0-0D38-497F-9C93-55202E5F9D7D}.Debug|x86.Build.0 = Debug|Win32
		{466EA9A0-0D38-497F-9C93-55202E5F9D7D}.Release|x64.ActiveCfg = Release|x64
		{466EA9A0-0D38-497F-9C93-55202E5F9D7D}.Release|x64.Build.0 = Release|x64
		{466EA9A0-0D38-497F-9C93-55202E5F9D7D}.Release|x86.ActiveCfg = Release|Win32
		{466EA9A0-0D38-497F-9C93-55202E5F9D7D}.Release|x86.Build.0 = Release|Win32
		{1A9E51AA-B066-4844-9400-A686288C9493}.Debug|x64.ActiveCfg = Debug|x64
		{1A9E51AA-B066-4844-9400-A686288C9493}.Debug|x64.Build.0 = Debug|x64
		{1A9E51AA-B066-4844-9400-A686288C9493}.Debug|x86.ActiveCfg = Debug|Win32
		{1A9E51AA-B066-4844-9400-A686288C9493}.Debug|x86.Build.0 = Debug|Win32
		{1A9E51AA-B066-4844-9400-A686288C9493}.Release|x64.ActiveCfg = Release|x64
		{1A9E51AA-B066-4844-9400-A686288C9493}.Release|x64.Build.0 = Release|x64
		{1A9E51AA-B066-4844-9400-A686288C9493}.Release|x86.ActiveCfg = Release|Win32
		{1A9E51AA-B066-4844-9400-A686288C9493}.Release|x86.Build.0 = Release|Win32
		{7B97E135-55FF-4D9D-A461-17D2A6229CD7}.Debug|x64.ActiveCfg = Debug|x64
		{7B97E135-55FF-4D9D-A461-17D2A6229CD7}.Debug|x64.Build.0 = Debug|x64
		{7B97E135-55FF-4D9D-A461-17D2A6229CD7}.Debug|x86.ActiveCfg = Debug|Win32
		{7B97E135-55FF-4D9D-A461-17D2A6229CD7}.Debug|x86.Build.0 = Debug|Win32
		{7B97E135-55FF-4D9D-A461-17D2A6229CD7}.Release|x64.ActiveCfg = Release|x64
		{7B97E135-55FF-4D9D-A461-17D2A6229CD7}.Release|x64.Build.0 = Release|x64
		{7B97E135-55FF-4D9D-A461-17D2A6229CD7}.Release|x86.ActiveCfg = Release|Win32
		{7B97E135-55FF-4D9D-A461-17D2A6229CD7}.Release|x86.Build.0 = Release|Win32
		{EF66FA82-0ED5-4B8E-81D2-B6E7D499B71F}.Debug|x64.ActiveCfg = Debug|x64
		{EF66FA82-0ED5-4B8E-81D2-B6E7D499B71F}.Debug|x64.Build.0 = Debug|x64
		{EF66FA82-0ED5-4B8E-81D2-B6E7D499B71F}.Debug|x86.ActiveCfg = Debug|Win32
		{EF66FA82-0ED5-4B8E-81D2-B6E7D499B71F}.Debug|x86.Build.0 = Debug|Win32
		{EF66FA82-0ED5-4B8E-81D2-B6E7D499B71F}.Release|x64.ActiveCfg = Release|x64
		{EF66FA82-0ED5-4B8E-81D2-B6E7D499B71F}.Release|x64.Build.0 = Release|x64
		{EF66FA82-0ED5-4B8E-81D2-B6E7D499B71F}.Release|x86.ActiveCfg = Release|Win32
		{EF66FA82-0ED5-4B8E-81D2-B6E7D499B71F}.Release|x86.Build.0 = Release|Win32
		{89EDAA16-3559-4388-8B85-A4490159A44A}.Debug|x64.ActiveCfg = Debug|x64
		{89EDAA16-3559-4388-8B85-A4490159A44A}.Debug|x64.Build.0 = Debug|x64
		{89EDAA16-3559-4388-8B85-A4490159A44A}.Debug|x86.ActiveCfg = Debug|Win32
		{89EDAA16-3559-4388-8B85-A4490159A44A}.Debug|x86.Build.0 = Debug|Win32
		{89EDAA16-3559-4388-8B85-A4490159A44A}.Release|x64.ActiveCfg = Release|x64
		{89EDAA16-3559-4388-8B85-A4490159A44A}.Release|x64.Build.0 = Release|x64
		{89EDAA16-3559-4388-8B85-A4490159A44A}.Release|x86.ActiveCfg = Release|Win32
		{89EDAA16-3559-4388-8B85-A4490159A44A}.Release|x86.Build.0 = Release|Win32
		{5867E2E0-CB8D-4804-8E28-AD686A11C747}.Debug|x64.ActiveCfg = Debug|x64
		{5867E2E0-CB8D-4804-8E28-AD686A11C747}.Debug|x64.Build.0 = Debug|x64
		{5867E2E0-CB8D-4804-8E28-AD686A11C747}.Debug|x86.ActiveCfg = Debug|Win32
		{5867E2E0-CB8D-4804-8E28-AD686A11C747}.Debug|x86.Build.0 = Debug|Win32
		{5867E2E0-CB8D-4804-8E28-AD686A11C747}.Release|x64.ActiveCfg = Release|x64
		{5867E2E0-CB8D-4804-8E28-AD686A11C747}.Release|x64.Build.0 = Release|x64
		{5867E2E0-CB8D-4804-8E28-AD686A11C747}.Release|x86.ActiveCfg = Release|Win32
		{5867E2E0-CB8D-4804-8E28-AD686A11C747}.Release|x86.Build.0 = Release|Win32
		{E2DD335F-7702-4650-9655-6C0C1900A0DE}.Debug|x64.ActiveCfg = Debug|x64
		{E2DD335F-7702-4650-9655-6C0C1900A0DE}.Debug|x64.Build.0 = Debug|x64
		{E2DD335F-7702-4650-9655-6C0C1900A0DE}.Debug|x86.ActiveCfg = Debug|Win32
		{E2DD335F-7702-4650-9655-6C0C1900A0DE}.Debug|x86.Build.0 = Debug|Win32
		{E2DD335F-7702-4650-9655-6C0C1900A0DE}.Release|x64.ActiveCfg = Release|x64
		{E2DD335F-7702-4650-9655-6C0C1900A0DE}.Release|x64.Build.0 = Release|x64
		{E2DD335F-7702-4650-9655-6C0C1900A0DE}.Release|x86.ActiveCfg = Release|Win32
		{E2DD335F-7702-4650-9655-6C0C1900A0DE}.Release|x86.Build.0 = Release|Win32
		{DF6D3F0B-B2C4-4D5C-A624-6F06AB8D40C5}.Debug|x64.ActiveCfg = Debug|x64
		{DF6D3F0B-B2C4-4D5C-A624-6F06AB8D40C5}.Debug|x64.Build.0 = Debug|x64
		{DF6D3F0B-B2C4-4D5C-A624-6F06AB8D40C5}.Debug|x86.ActiveCfg = Debug|Win32
		{DF6D3F0B-B2C4-4D5C-A624-6F06AB8D40C5}.Debug|x86.Build.0 = Debug|Win32
		{DF6D3F0B-B2C4-4D5C-A624-6F06AB8D40C5}.Release|x64.ActiveCfg = Release|x64
		{DF6D3F0B-B2C4-4D5C-A624-6F06AB8D40C5}.Release|x64.Build.0 = Release|x64
		{DF6D3F0B-B2C4-4D5C-A624-6F06AB8D40C5}.Release|x86.ActiveCfg = Release|Win32
		{DF6D3F0B-B2C4-4D5C-A624-6F06AB8D40C5}.Release|x86.Build.0 = Release|Win32
		{2731FADF-BC3C-421B-B7CD-9697D8959168}.Debug|x64.ActiveCfg = Debug|x64
		{2731FADF-BC3C-421B-B7CD-9697D8959168}.Debug|x64.Build.0 = Debug|x64
		{2731FADF-BC3C-421B-B7CD-9697D8959168}.Debug|x86.ActiveCfg = Debug|Win32
		{2731FADF-BC3C-421B-B7CD-9697D8959168}.Debug|x86.Build.0 = Debug|Win32
		{2731FADF-BC3C-421B-B7CD-9697D8959168}.Release|x64.ActiveCfg = Release|x64
		{2731FADF-BC3C-421B-B7CD-9697D8959168}.Release|x64.Build.0 = Release|x64
		{2731FADF-BC3C-421B-B7CD-9697D8959168}.Release|x86.ActiveCfg = Release|Win32
		{2731FADF-BC3C-421B-B7CD-9697D8959168}.Release|x86.Build.0 = Release|Win32
		{38DB8886-B433-484A-8ECA-BC4703E54D1F}.Debug|x64.ActiveCfg = Debug|x64
		{38DB8886-B433-484A-8ECA-BC4703E54D1F}.Debug|x64.Build.0 = Debug|x64
		{38DB8886-B433-484A-8ECA-BC4703E54D1F}.Debug|x86.ActiveCfg = Debug|Win32
		{38DB8886-B433-484A-8ECA-BC4703E54D1F}.Debug|x86.Build.0 = Debug|Win32
		{38DB8886-B433-484A-8ECA-BC4703E54D1F}.Release|x64.ActiveCfg = Release|x64
		{38DB8886-B433-484A-8ECA-BC4703E54D1F}.Release|x64.Build.0 = Release|x64
		{38DB8886-B433-484A-8ECA-BC4703E54D1F}.Release|x86.ActiveCfg = Release|Win32
		{38DB8886-B433-484A-8ECA-BC4703E54D1F}.Release|x86.Build.0 = Release|Win32
		{DAE3102F-A10F-4A0A-8F43-2F92C63C234E}.Debug|x64.ActiveCfg = Debug|x64
		{DAE3102F-A10F-4A0A-8F43-2F92C63C234E}.Debug|x64.Build.0 = Debug|x64
		{DAE3102F-A10F-4A0A-8F43-2F92C63C234E}.Debug|x86.ActiveCfg = Debug|Win32
		{DAE3102F-A10F-4A0A-8F43-2F92C63C234E}.Debug|x86.Build.0 = Debug|Win32
		{DAE3102F-A10F-4A0A-8F43-2F92C63C234E}.Release|x64.ActiveCfg = Release|x64
		{DAE3102F-A10F-4A0A-8F43-2F92C63C234E}.Release|x64.Build.0 = Release|x64
		{DAE3102F-A10F-4A0A-8F43-2F92C63C234E}.Release|x86.ActiveCfg = Release|Win32
		{DAE3102F-A10F-4A0A-8F43-2F92C63C234E}.Release|x86.Build.0 = Release|Win32
		{D08F3972-235E-458D-88C6-FEF0EDBEAB93}.Debug|x64.ActiveCfg = Debug|x64
		{D08F3972-235E-458D-88C6-FEF0EDBEAB93}.Debug|x64.Build.0 = Debug|x64
		{D08F3972-235E-458D-88C6-FEF0EDBEAB93}.Debug|x86.ActiveCfg = Debug|Win32
		{D08F3972-235E-458D-88C6-FEF0EDBEAB93}.Debug|x86.Build.0 = Debug|Win32
		{D08F3972-235E-458D-88C6-FEF0EDBEAB93}.Release|x64.ActiveCfg = Release|x64
		{D08F3972-235E-458D-88C6-FEF0EDBEAB93}.Release|x64.Build.0 = Release|x64
		{D08F3972-235E-458D-88C6-FEF0EDBEAB93}.Release|x86.ActiveCfg = Release|Win32
		{D08F3972-235E-458D-88C6-FEF0EDBEAB93}.Release|x86.Build.0 = Release|Win32
		{6E91B22E-3C4F-4C42-828C-43FD218A4882}.Debug|x64.ActiveCfg = Debug|x64
		{6E91B22E-3C4F-4C42-828C-43FD218A4882}.Debug|x64.Build.0 = Debug|x64
		{6E91B22E-3C4F-4C42-828C-43FD218A4882}.Debug|x86.ActiveCfg = Debug|Win32
		{6E91B22E-3C4F-4C42-828C-43FD218A4882}.Debug|x86.Build.0 = Debug|Win32
		{6E91B22E-3C4F-4C42-828C-43FD218A4882}.Release|x64.ActiveCfg = Release|x64
		{6E91B22E-3C4F-4C42-828C-43FD218A4882}.Release|x64.Build.0 = Release|x64
		{6E91B22E-3C4F-4C42-828C-43FD218A4882}.Release|x86.ActiveCfg = Release|Win32
		{6E91B22E-3C4F-4C42-828C-43FD218A4882}.Release|x86.Build.0 = Release|Win32
		{DC79C1C0-BB3F-4A9A-9D43-28BF777063FE}.Debug|x64.ActiveCfg = Debug|x64
		{DC79C1C0-BB3F-4A9A-9D43-28BF777063FE}.Debug|x64.Build.0 = Debug|x64
		{DC79C1C0-BB3F-4A9A-9D43-28BF777063FE}.Debug|x86.ActiveCfg = Debug|Win32
		{DC79C1C0-BB3F-4A9A-9D43-28BF777063FE}.Debug|x86.Build.0 = Debug|Win32
		{DC79C1C0-BB3F-4A9A-9D43-28BF777063FE}.Release|x64.ActiveCfg = Release|x64
		{DC79C1C0-BB3F-4A9A-9D43-28BF777063FE}.Release|x64.Build.0 = Release|x64
		{DC79C1C0-BB3F-4A9A-9D43-28BF777063FE}.Release|x86.ActiveCfg = Release|Win32
		{DC79C1C0-BB3F-4A9A-9D43-28BF777063FE}.Release|x86.Build.0 = Release|Win32
		{F484B6D3-963D-4A34-859E-83BD66C442AD}.Debug|x64.ActiveCfg = Debug|x64
		{F484B6D3-963D-4A34-859E-83BD66C442AD}.Debug|x64.Build.0 = Debug|x64
		{F484B6D3-963D-4A34-859E-83BD66C442AD}.Debug|x86.ActiveCfg = Debug|Win32
		{F484B6D3-963D-4A34-859E-83BD66C442AD}.Debug|x86.Build.0 = Debug|Win32
		{F484B6D3-963D-4A34-859E-83BD66C442AD}.Release|x64.ActiveCfg = Release|x64
		{F484B6D3-963D-4A34-859E-83BD66C442AD}.Release|x64.Build.0 = Release|x64
		{F484B6D3-963D-4A34-859E-83BD66C442AD}.Release|x86.ActiveCfg = Release|Win32
		{F484B6D3-963D-4A34-859E-83BD66C442AD}.Release|x86.Build.0 = Release|Win32
		{40E5DF59-4C95-4B90-BC25-BD00B6A4DC18}.Debug|x64.ActiveCfg = Debug|x64
		{40E5DF59-4C95-4B90-BC25-BD00B6A4DC18}.Debug|x64.Build.0 = Debug|x64
		{40E5DF59-4C95-4B90-BC25-BD00B6A4DC18}.Debug|x86.ActiveCfg = Debug|Win32
		{40E5DF59-4C95-4B90-BC25-BD00B6A4DC18}.Debug|x86.Build.0 = Debug|Win32
		{40E5DF59-4C95-4B90-BC25-BD00B6A4DC18}.Release|x64.ActiveCfg = Release|x64
		{40E5DF59-4C95-4B90-BC25-BD00B6A4DC18}.Release|x64.Build.0 = Release|x64
		{40E5DF59-4C95-4B90-BC25-BD00B6A4DC18}.Release|x86.ActiveCfg = Release|Win32
		{40E5DF59-4C95-4B90-BC25-BD00B6A4DC18}.Release|x86.Build.0 = Release|Win32
		{B21F2901-391E-47FB-8592-CFD3DF7D958E}.Debug|x64.ActiveCfg = Debug|x64
		{B21F2901-391E-47FB-8592-CFD3DF7D958E}.Debug|x64.Build.0 = Debug|x64
		{B21F2901-391E-47FB-8592-CFD3DF7D958E}.Debug|x86.ActiveCfg = Debug|Win32
		{B21F2901-391E-47FB-8592-CFD3DF7D958E}.Debug|x86.Build.0 = Debug|Win32
		{B21F2901-391E-47FB-8592-CFD3DF7D958E}.Release|x64.ActiveCfg = Release|x64
		{B21F2901-391E-47FB-8592-CFD3DF7D958E}.Release|x64.Build.0 = Release|x64
		{B21F2901-391E-47FB-8592-CFD3DF7D958E}.Release|x86.ActiveCfg = Release|Win32
		{B21F2901-391E-47FB-8592-CFD3DF7D958E}.Release|x86.Build.0 = Release|Win32
		{7F649436-5B69-4C47-AF90-DED0FED37009}.Debug|x64.ActiveCfg = Debug|x64
		{7F649436-5B69-4C47-AF90-DED0FED37009}.Debug|x64.Build.0 = Debug|x64
		{7F649436-5B69-4C47-AF90-DED0FED37009}.Debug|x86.ActiveCfg = Debug|Win32
		{7F649436-5B69-4C47-AF90-DED0FED37009}.Debug|x86.Build.0 = Debug|Win32
		{7F649436-5B69-4C47-AF90-DED0FED37009}.Release|x64.ActiveCfg = Release|x64
		{7F649436-5B69-4C47-AF90-DED0FED37009}.Release|x64.Build.0 = Release|x64
		{7F649436-5B69-4C47-AF90-DED0FED37009}.Release|x86.ActiveCfg = Release|Win32
		{7F649436-5B69-4C47-AF90-DED0FED37009}.Release|x86.Build.0 = Release|Win32
		{1472BE54-FFBD-49DB-BF64-8121E7A37C27}.Debug|x64.ActiveCfg = Debug|x64
		{1472BE54-FFBD-49DB-BF64-8121E7A37C27}.Debug|x64.Build.0 = Debug|x64
		{1472BE54-FFBD-49DB-BF64-8121E7A37C27}.Debug|x86.ActiveCfg = Debug|Win32
		{1472BE54-FFBD-49DB-BF64-8121E7A37C27}.Debug|x86.Build.0 = Debug|Win32
		{1472BE54-FFBD-49DB-BF64-8121E7A37C27}.Release|x64.ActiveCfg = Release|x64
		{1472BE54-FFBD-49DB-BF64-8121E7A37C27}.Release|x64.Build.0 = Release|x64
		{1472BE54-FFBD-49DB-BF64-8121E7A37C27}.Release|x86.ActiveCfg = Release|Win32
		{1472BE54-FFBD-49DB-BF64-8121E7A37C27}.Release|x86.Build.0 = Release|Win32
		{E88CB54E-A768-4649-912A-09F7B7D51B7A}.Debug|x64.ActiveCfg = Debug|x64
		{E88CB54E-A768-4649-912A-09F7B7D51B7A}.Debug|x64.Build.0 = Debug|x64
		{E88CB54E-A768-4649-912A-09F7B7D51B7A}.Debug|x86.ActiveCfg = Debug|Win32
		{E88CB54E-A768-4649-912A-09F7B7D51B7A}.Debug|x86.Build.0 = Debug|Win32
		{E88CB54E-A768-4649-912A-09F7B7D51B7A}.Release|x64.ActiveCfg = Release|x64
		{E88CB54E-A768-4649-912A-09F7B7D51B7A}.Release|x64.Build.0 = Release|x64
		{E88CB54E-A768-4649-912A-09F7B7D51B7A}.Release|x86.ActiveCfg = Release|Win32
		{E88CB54E-A768-4649-912A-09F7B7D51B7A}.Release|x86.Build.0 = Release|Win32
		{6493FF2B-78AE-4522-9CC4-C354E37995D6}.Debug|x64.ActiveCfg = Debug|x64
		{6493FF2B-78AE-4522-9CC4-C354E37995D6}.Debug|x64.Build.0 = Debug|x64
		{6493FF2B-78AE-4522-9CC4-C354E37995D6}.Debug|x86.ActiveCfg = Debug|Win32
		{6493FF2B-78AE-4522-9CC4-C354E37995D6}.Debug|x86.Build.0 = Debug|Win32
		{6493FF2B-78AE-4522-9CC4-C354E37995D6}.Release|x64.ActiveCfg = Release|x64
		{6493FF2B-78AE-4522-9CC4-C354E37995D6}.Release|x64.Build.0 = Release|x64
		{6493FF2B-78AE-4522-9CC4-C354E37995D6}.Release|x86.ActiveCfg = Release|Win32
		{6493FF2B-78AE-4522-9CC4-C354E37995D6}.Release|x86.Build.0 = Release|Win32
		{714606B2-93C1-48A2-8AE2-DCC3D7E72C63}.Debug|x64.ActiveCfg = Debug|x64
		{714606B2-93C1-48A2-8AE2-DCC3D7E72C63}.Debug|x64.Build.0 = Debug|x64
		{714606B2-93C1-48A2-8AE2-DCC3D7E72C63}.Debug|x86.ActiveCfg = Debug|Win32
		{714606B2-93C1-48A2-8AE2-DCC3D7E72C63}.Debug|x86.Build.0 = Debug|Win32
		{714606B2-93C1-48A2-8AE2-DCC3D7E72C63}.Release|x64.ActiveCfg = Release|x64
		{714606B2-93C1-48A2-8AE2-DCC3D7E72C63}.Release|x64.Build.0 = Release|x64
		{714606B2-93C1-48A2-8AE2-DCC3D7E72C63}.Release|x86.ActiveCfg = Release|Win32
		{714606B2-93C1-48A2-8AE2-DCC3D7E72C63}.Release|x86.Build.0 = Release|Win32
		{9D798E40-7ECB-40CC-B3B1-F4401C8A5F4A}.Debug|x64.ActiveCfg = Debug|x64
		{9D798E40-7ECB-40CC-B3B1-F4401C8A5F4A}.Debug|x64.Build.0 = Debug|x64
		{9D798E40-7ECB-40CC-B3B1-F4401C8A5F4A}.Debug|x86.ActiveCfg = Debug|Win32
		{9D798E40-7ECB-40CC-B3B1-F4401C8A5F4A}.Debug|x86.Build.0 = Debug|Win32
		{9D798E40-7ECB-40CC-B3B1-F4401C8A5F4A}.Release|x64.ActiveCfg = Release|x64
		{9D798E40-7ECB-40CC-B3B1-F4401C8A5F4A}.Release|x64.Build.0 = Release|x64
		{9D798E40-7ECB-40CC-B3B1-F4401C8A5F4A}.Release|x86.ActiveCfg = Release|Win32
		{9D798E40-7ECB-40CC-B3B1-F4401C8A5F4A}.Release|x86.Build.0 = Release|Win32
		{14FC3F56-4175-4105-8DA1-D4F20A160375}.Debug|x64.ActiveCfg = Debug|x64
		{14FC3F56-4175-4105-8DA1-D4F20A160375}.Debug|x64.Build.0 = Debug|x64
		{14FC3F56-4175-4105-8DA1-D4F20A160375}.Debug|x86.ActiveCfg = Debug|Win32
		{14FC3F56-4175-4105-8DA1-D4F20A160375}.Debug|x86.Build.0 = Debug|Win32
		{14FC3F56-4175-4105-8DA1-D4F20A160375}.Release|x64.ActiveCfg = Release|x64
		{14FC3F56-4175-4105-8DA1-D4F20A160375}.Release|x64.Build.0 = Release|x64
		{14FC3F56-4175-4105-8DA1-D4F20A160375}.Release|x86.ActiveCfg = Release|Win32
		{14FC3F56-4175-4105-8DA1-D4F20A160375}.Release|x86.Build.0 = Release|Win32
		{67C2B60B-2932-4C04-B2AC-73438F5C2A0F}.Debug|x64.ActiveCfg = Debug|x64
		{67C2B60B-2932-4C04-B2AC-73438F5C2A0F}.Debug|x64.Build.0 = Debug|x64
		{67C2B60B-2932-4C04-B2AC-73438F5C2A0F}.Debug|x86.ActiveCfg = Debug|Win32
		{67C2B60B-2932-4C04-B2AC-73438F5C2A0F}.Debug|x86.Build.0 = Debug|Win32
		{67C2B60B-2932-4C04-B2AC-73438F5C2A0F}.Release|x64.ActiveCfg = Release|x64
		{67C2B60B-2932-4C04-B2AC-73438F5C2A0F}.Release|x64.Build.0 = Release|x64
		{67C2B60B-2932-4C04-B2AC-73438F5C2A0F}.Release|x86.ActiveCfg = Release|Win32
		{67C2B60B-2932-4C04-B2AC-73438F5C2A0F}.Release|x86.Build.0 = Release|Win32
		{F38DE321-FBA3-4B42-929B-EEA7E1D0C258}.Debug|x64.ActiveCfg = Debug|x64
		{F38DE321-FBA3-4B42-929B-EEA7E1D0C258}.Debug|x64.Build.0 = Debug|x64
		{F38DE321-FBA3-4B42-929B-EEA7E1D0C258}.Debug|x86.ActiveCfg = Debug|Win32
		{F38DE321-FBA3-4B42-929B-EEA7E1D0C258}.Debug|x86.Build.0 = Debug|Win32
		{F38DE321-FBA3-4B42-929B-EEA7E1D0C258}.Release|x64.ActiveCfg = Release|x64
		{F38DE321-FBA3-4B42-929B-EEA7E1D0C258}.Release|x64.Build.0 = Release|x64
		{F38DE321-FBA3-4B42-929B-EEA7E1D0C258}.Release|x86.ActiveCfg = Release|Win32
		{F38DE321-FBA3-4B42-929B-EEA7E1D0C258}.Release|x86.Build.0 = Release|Win32
		{6114ECBE-E752-4957-8848-379BC3AE6B49}.Debug|x64.ActiveCfg = Debug|x64
		{6114ECBE-E752-4957-8848-379BC3AE6B49}.Debug|x64.Build.0 = Debug|x64
		{6114ECBE-E752-4957-8848-379BC3AE6B49}.Debug|x86.ActiveCfg = Debug|Win32
		{6114ECBE-E752-4957-8848-379BC3AE6B49}.Debug|x86.Build.0 = Debug|Win32
		{6114ECBE-E752-4957-8848-379BC3AE6B49}.Release|x64.ActiveCfg = Release|x64
		{6114ECBE-E752-4957-8848-379BC3AE6B49}.Release|x64.Build.0 = Release|x64
		{6114ECBE-E752-4957-8848-379BC3AE6B49}.Release|x86.ActiveCfg = Release|Win32
		{6114ECBE-E752-4957-8848-379BC3AE6B49}.Release|x86.Build.0 = Release|Win32
		{03FCBFA8-A179-445E-A475-16EA2FDA1A03}.Debug|x64.ActiveCfg = Debug|x64
		{03FCBFA8-A179-445E-A475-16EA2FDA1A03}.Debug|x64.Build.0 = Debug|x64
		{03FCBFA8-A179-445E-A475-16EA2FDA1A03}.Debug|x86.ActiveCfg = Debug|Win32
		{03FCBFA8-A179-445E-A475-16EA2FDA1A03}.Debug|x86.Build.0 = Debug|Win32
		{03FCBFA8-A179-445E-A475-16EA2FDA1A03}.Release|x64.ActiveCfg = Release|x64
		{03FCBFA8-A179-445E-A475-16EA2FDA1A03}.Release|x64.Build.0 = Release|x64
		{03FCBFA8-A179-445E-A475-16EA2FDA1A03}.Release|x86.ActiveCfg = Release|Win32
		{03FCBFA8-A179-445E-A475-16EA2FDA1A03}.Release|x86.Build.0 = Release|Win32
		{40BDB80F-30BA-494E-A2FE-95B88145A048}.Debug|x64.ActiveCfg = Debug|x64
		{40BDB80F-30BA-494E-A2FE-95B88145A048}.Debug|x64.Build.0 = Debug|x64
		{40BDB80F-30BA-494E-A2FE-95B88145A048}.Debug|x86.ActiveCfg = Debug|Win32
		{40BDB80F-30BA-494E-A2FE-95B88145A048}.Debug|x86.Build.0 = Debug|Win32
		{40BDB80F-30BA-494E-A2FE-95B88145A048}.Release|x64.ActiveCfg = Release|x64
		{40BDB80F-30BA-494E-A2FE-95B88145A048}.Release|x64.Build.0 = Release|x64
		{40BDB80F-30BA-494E-A2FE-95B88145A048}.Release|x86.ActiveCfg = Release|Win32
		{40BDB80F-30BA-494E-A2FE-95B88145A048}.Release|x86.Build.0 = Release|Win32
		{ABA52411-53F0-43DC-9051-F72894F3B7BC}.Debug|x64.ActiveCfg = Debug|x64
		{ABA52411-53F0-43DC-9051-F72894F3B7BC}.Debug|x64.Build.0 = Debug|x64
		{ABA52411-53F0-43DC-9051-F72894F3B7BC}.Debug|x86.ActiveCfg = Debug|Win32
		{ABA52411-53F0-43DC-9051-F72894F3B7BC}.Debug|x86.Build.0 = Debug|Win32
		{ABA52411-53F0-43DC-9051-F72894F3B7BC}.Release|x64.ActiveCfg = Release|x64
		{ABA52411-53F0-43DC-9051-F72894F3B7BC}.Release|x64.Build.0 = Release|x64
		{ABA52411-53F0-43DC-9051-F72894F3B7BC}.Release|x86.ActiveCfg = Release|Win32
		{ABA52411-53F0-43DC-9051-F72894F3B7BC}.Release|x86.Build.0 = Release|Win32
		{7BCA267D-728D-413D-AF94-B5A43BE609CB}.Debug|x64.ActiveCfg = Debug|x64
		{7BCA267D-728D-413D-AF94-B5A43BE609CB}.Debug|x64.Build.0 = Debug|x64
		{7BCA267D-728D-413D-AF94-B5A43BE609CB}.Debug|x86.ActiveCfg = Debug|Win32
		{7BCA267D-728D-413D-AF94-B5A43BE609CB}.Debug|x86.Build.0 = Debug|Win32
		{7BCA267D-728D-413D-AF94-B5A43BE609CB}.Release|x64.ActiveCfg = Release|x64
		{7BCA267D-728D-413D-AF94-B5A43BE609CB}.Release|x64.Build.0 = Release|x64
		{7BCA267D-728D-413D-AF94-B5A43BE609CB}.Release|x86.ActiveCfg = Release|Win32
		{7BCA267D-728D-413D-AF94-B5A43BE609CB}.Release|x86.Build.0 = Release|Win32
		{47102F24-B2FB-4A3B-9AD1-13AD30F4249F}.Debug|x64.ActiveCfg = Debug|x64
		{47102F24-B2FB-4A3B-9AD1-13AD30F4249F}.Debug|x64.Build.0 = Debug|x64
		{47102F24-B2FB-4A3B-9AD1-13AD30F4249F}.Debug|x86.ActiveCfg = Debug|Win32
		{47102F24-B2FB-4A3B-9AD1-13AD30F4249F}.Debug|x86.Build.0 = Debug|Win32
		{47102F24-B2FB-4A3B-9AD1-13AD30F4249F}.Release|x64.ActiveCfg = Release|x64
		{47102F24-B2FB-4A3B-9AD1-13AD30F4249F}.Release|x64.Build.0 = Release|x64
		{47102F24-B2FB-4A3B-9AD1-13AD30F4249F}.Release|x86.ActiveCfg = Release|Win32
		{47102F24-B2FB-4A3B-9AD1-13AD30F4249F}.Release|x86.Build.0 = Release|Win32
		{D62E6E0A-CEED-4A61-AA8B-57641B28E449}.Debug|x64.ActiveCfg = Debug|x64
		{D62E6E0A-CEED-4A61-AA8B-57641B28E449}.Debug|x64.Build.0 = Debug|x64
		{D62E6E0A-CEED-4A61-AA8B-57641B28E449}.Debug|x86.ActiveCfg = Debug|Win32
		{D62E6E0A-CEED-4A61-AA8B-57641B28E449}.Debug|x86.Build.0 = Debug|Win32
		{D62E6E0A-CEED-4A61-AA8B-57641B28E449}.Release|x64.ActiveCfg = Release|x64
		{D62E6E0A-CEED-4A61-AA8B-57641B28E449}.Release|x64.Build.0 = Release|x64
		{D62E6E0A-CEED-4A61-AA8B-57641B28E449}.Release|x86.ActiveCfg = Release|Win32
		{D62E6E0A-CEED-4A61-AA8B-57641B28E449}.Release|x86.Build.0 = Release|Win32
		{3D13371D-C2E0-4AE2-804D-CB617B220505}.Debug|x64.ActiveCfg = Debug|x64
		{3D13371D-C2E0-4AE2-804D-CB617B220505}.Debug|x64.Build.0 = Debug|x64
		{3D13371D-C2E0-4AE2-804D-CB617B220505}.Debug|x86.ActiveCfg = Debug|Win32
		{3D13371D-C2E0-4AE2-804D-CB617B220505}.Debug|x86.Build.0 = Debug|Win32
		{3D13371D-C2E0-4AE2-804D-CB617B220505}.Release|x64.ActiveCfg = Release|x64
		{3D13371D-C2E0-4AE2-804D-CB617B220505}.Release|x64.Build.0 = Release|x64
		{3D13371D-C2E0-4AE2-804D-CB617B220505}.Release|x86.ActiveCfg = Release|Win32
		{3D13371D-C2E0-4AE2-804D-CB617B220505}.Release|x86.Build.0 = Release|Win32
		{F346B786-975D-43C7-B918-33EDCDD5B186}.Debug|x64.ActiveCfg = Debug|x64
		{F346B786-975D-43C7-B918-33EDCDD5B186}.Debug|x64.Build.0 = Debug|x64
		{F346B786-975D-43C7-B918-33EDCDD5B186}.Debug|x86.ActiveCfg = Debug|Win32
		{F346B786-975D-43C7-B918-33EDCDD5B186}.Debug|x86.Build.0 = Debug|Win32
		{F346B786-975D-43C7-B918-33EDCDD5B186}.Release|x64.ActiveCfg = Release|x64
		{F346B786-975D-43C7-B918-33EDCDD5B186}.Release|x64.Build.0 = Release|x64
		{F346B786-975D-43C7-B918-33EDCDD5B186}.Release|x86.ActiveCfg = Release|Win32
		{F346B786-975D-43C7-B918-33EDCDD5B186}.Release|x86.Build.0 = Release|Win32
		{524EA6D2-315B-4EE4-9A8F-952EDF4C9948}.Debug|x64.ActiveCfg = Debug|x64
		{524EA6D2-315B-4EE4-9A8F-952EDF4C9948}.Debug|x64.Build.0 = Debug|x64
		{524EA6D2-315B-4EE4-9A8F-952EDF4C9948}.Debug|x86.ActiveCfg = Debug|Win32
		{524EA6D2-315B-4EE4-9A8F-952EDF4C9948}.Debug|x86.Build.0 = Debug|Win32
		{524EA6D2-315B-4EE4-9A8F-952EDF4C9948}.Release|x64.ActiveCfg = Release|x64
		{524EA6D2-315B-4EE4-9A8F-952EDF4C9948}.Release|x64.Build.0 = Release|x64
		{524EA6D2-315B-4EE4-9A8F-952EDF4C9948}.Release|x86.ActiveCfg = Release|Win32
		{524EA6D2-315B-4EE4-9A8F-952EDF4C9948}.Release|x86.Build.0 = Release|Win32
		{DB385E1E-0E25-4053-BC14-6C6F61513B1F}.Debug|x64.ActiveCfg = Debug|x64
		{DB385E1E-0E25-4053-BC14-6C6F61513B1F}.Debug|x64.Build.0 = Debug|x64
		{DB385E1E-0E25-4053-BC14-6C6F61513B1F}.Debug|x86.ActiveCfg = Debug|Win32
		{DB385E1E-0E25-4053-BC14-6C6F61513B1F}.Debug|x86.Build.0 = Debug|Win32
		{DB385E1E-0E25-4053-BC14-6C6F61513B1F}.Release|x64.ActiveCfg = Release|x64
		{DB385E1E-0E25-4053-BC14-6C6F61513B1F}.Release|x64.Build.0 = Release|x64
		{DB385E1E-0E25-4053-BC14-6C6F61513B1F}.Release|x86.ActiveCfg = Release|Win32
		{DB385E1E-0E25-4053-BC14-6C6F61513B1F}.Release|x86.Build.0 = Release|Win32
		{03C6E931-85A4-4773-A064-DD5F2994042E}.Debug|x64.ActiveCfg = Debug|x64
		{03C6E931-85A4-4773-A064-DD5F2994042E}.Debug|x64.Build.0 = Debug|x64
		{03C6E931-85A4-4773-A064-DD5F2994042E}.Debug|x86.ActiveCfg = Debug|Win32
		{03C6E931-85A4-4773-A064-DD5F2994042E}.Debug|x86.Build.0 = Debug|Win32
		{03C6E931-85A4-4773-A064-DD5F2994042E}.Release|x64.ActiveCfg = Release|x64
		{03C6E931-85A4-4773-A064-DD5F2994042E}.Release|x64.Build.0 = Release|x64
		{03C6E931-85A4-4773-A064-DD5F2994042E}.Release|x86.ActiveCfg = Release|Win32
		{03C6E931-85A4-4773-A064-DD5F2994042E}.Release|x86.Build.0 = Release|Win32
		{B9B76F81-9114-4B91-82E3-F1AE58074BA2}.Debug|x64.ActiveCfg = Debug|x64
		{B9B76F81-9114-4B91-82E3-F1AE58074BA2}.Debug|x64.Build.0 = Debug|x64
		{B9B76F81-9114-4B91-82E3-F1AE58074BA2}.Debug|x86.ActiveCfg = Debug|Win32
		{B9B76F81-9114-4B91-82E3-F1AE58074BA2}.Debug|x86.Build.0 = Debug|Win32
		{B9B76F81-9114-4B91-82E3-F1AE58074BA2}.Release|x64.ActiveCfg = Release|x64
		{B9B76F81-9114-4B91-82E3-F1AE58074BA2}.Release|x64.Build.0 = Release|x64
		{B9B76F81-9114-4B91-82E3-F1AE58074BA2}.Release|x86.ActiveCfg = Release|Win32
		{B9B76F81-9114-4B91-82E3-F1AE58074BA2}.Release|x86.Build.0 = Release|Win32
		{CDF3ADB5-7FA1-4312-9C43-A252836DE504}.Debug|x64.ActiveCfg = Debug|x64
		{CDF3ADB5-7FA1-4312-9C43-A252836DE504}.Debug|x64.Build.0 = Debug|x64
		{CDF3ADB5-7FA1-4312-9C43-A252836DE504}.Debug|x86.ActiveCfg = Debug|Win32
		{CDF3ADB5-7FA1-4312-9C43-A252836DE504}.Debug|x86.Build.0 = Debug|Win32
		{CDF3ADB5-7FA1-4312-9C43-A252836DE504}.Release|x64.ActiveCfg = Release|x64
		{CDF3ADB5-7FA1-4312-9C43-A252836DE504}.Release|x64.Build.0 = Release|x64
		{CDF3ADB5-7FA1-4312-9C43-A252836DE504}.Release|x86.ActiveCfg = Release|Win32
		{CDF3ADB5-7FA1-4312-9C43-A252836DE504}.Release|x86.Build.0 = Release|Win32
		{E5AF9799-33FE-41C8-900B-814356F2E732}.Debug|x64.ActiveCfg = Debug|x64
		{E5AF9799-33FE-41C8-900B-814356F2E732}.Debug|x64.Build.0 = Debug|x64
		{E5AF9799-33FE-41C8-900B-814356F2E732}.Debug|x86.ActiveCfg = Debug|Win32
		{E5AF9799-33FE-41C8-900B-814356F2E732}.Debug|x86.Build.0 = Debug|Win32
		{E5AF9799-33FE-41C8-900B-814356F2E732}.Release|x64.ActiveCfg = Release|x64
		{E5AF9799-33FE-41C8-900B-814356F2E732}.Release|x64.Build.0 = Release|x64
		{E5AF9799-33FE-41C8-900B-814356F2E732}.Release|x86.ActiveCfg = Release|Win32
		{E5AF9799-33FE-41C8-900B-814356F2E732}.Release|x86.Build.0 = Release|Win32
		{266AD2FF-791C-4AB4-A56C-EFAA87A934FC}.Debug|x64.ActiveCfg = Debug|x64
		{266AD2FF-791C-4AB4-A56C-EFAA87A934FC}.Debug|x64.Build.0 = Debug|x64
		{266AD2FF-791C-4AB4-A56C-EFAA87A934FC}.Debug|x86.ActiveCfg = Debug|Win32
		{266AD2FF-791C-4AB4-A56C-EFAA87A934FC}.Debug|x86.Build.0 = Debug|Win32
		{266AD2FF-791C-4AB4-A56C-EFAA87A934FC}.Release|x64.ActiveCfg = Release|x64
		{266AD2FF-791C-4AB4-A56C-EFAA87A934FC}.Release|x64.Build.0 = Release|x64
		{266AD2FF-791C-4AB4-A56C-EFAA87A934FC}.Release|x86.ActiveCfg = Release|Win32
		{266AD2FF-791C-4AB4-A56C-EFAA87A934FC}.Release|x86.Build.0 = Release|Win32
		{A4E500B8-6095-4CA8-94D7-830143CBB7AD}.Debug|x64.ActiveCfg = Debug|x64
		{A4E500B8-6095-4CA8-94D7-830143CBB7AD}.Debug|x64.Build.0 = Debug|x64
		{A4E500B8-6095-4CA8-94D7-830143CBB7AD}.Debug|x86.ActiveCfg = Debug|Win32
		{A4E500B8-6095-4CA8-94D7-830143CBB7AD}.Debug|x86.Build.0 = Debug|Win32
		{A4E500B8-6095-4CA8-94D7-830143CBB7AD}.Release|x64.ActiveCfg = Release|x64
		{A4E500B8-6095-4CA8-94D7-830143CBB7AD}.Release|x64.Build.0 = Release|x64
		{A4E500B8-6095-4CA8-94D7-830143CBB7AD}.Release|x86.ActiveCfg = Release|Win32
		{A4E500B8-6095-4CA8-94D7-830143CBB7AD}.Release|x86.Build.0 = Release|Win32
		{DF8403E9-5A91-4F0B-BE1B-144FB71E0423}.Debug|x64.ActiveCfg = Debug|x64
		{DF8403E9-5A91-4F0B-BE1B-144FB71E0423}.Debug|x64.Build.0 = Debug|x64
		{DF8403E9-5A91-4F0B-BE1B-144FB71E0423}.Debug|x86.ActiveCfg = Debug|Win32
		{DF8403E9-5A91-4F0B-BE1B-144FB71E0423}.Debug|x86.Build.0 = Debug|Win32
		{DF8403E9-5A91-4F0B-BE1B-144FB71E0423}.Release|x64.ActiveCfg = Release|x64
		{DF8403E9-5A91-4F0B-BE1B-144FB71E0423}.Release|x64.Build.0 = Release|x64
		{DF8403E9-5A91-4F0B-BE1B-144FB71E0423}.Release|x86.ActiveCfg = Release|Win32
		{DF8403E9-5A91-4F0B-BE1B-144FB71E0423}.Release|x86.Build.0 = Release|Win32
		{1920728B-7B11-4024-9B98-9BF0FF114856}.Debug|x64.ActiveCfg = Debug|x64
		{1920728B-7B11-4024-9B98-9BF0FF114856}.Debug|x64.Build.0 = Debug|x64
		{1920728B-7B11-4024-9B98-9BF0FF114856}.Debug|x86.ActiveCfg = Debug|Win32
		{1920728B-7B11-4024-9B98-9BF0FF114856}.Debug|x86.Build.0 = Debug|Win32
		{1920728B-7B11-4024-9B98-9BF0FF114856}.Release|x64.ActiveCfg = Release|x64
		{1920728B-7B11-4024-9B98-9BF0FF114856}.Release|x64.Build.0 = Release|x64
		{1920728B-7B11-4024-9B98-9BF0FF114856}.Release|x86.ActiveCfg = Release|Win32
		{1920728B-7B11-4024-9B98-9BF0FF114856}.Release|x86.Build.0 = Release|Win32
		{FF389CA6-FD3A-425D-99B8-3520663EABB7}.Debug|x64.ActiveCfg = Debug|x64
		{FF389CA6-FD3A-425D-99B8-3520663EABB7}.Debug|x64.Build.0 = Debug|x64
		{FF389CA6-FD3A-425D-99B8-3520663EABB7}.Debug|x86.ActiveCfg = Debug|Win32
		{FF389CA6-FD3A-425D-99B8-3520663EABB7}.Debug|x86.Build.0 = Debug|Win32
		{FF389CA6-FD3A-425D-99B8-3520663EABB7}.Release|x64.ActiveCfg = Release|x64
		{FF389CA6-FD3A-425D-99B8-3520663EABB7}.Release|x64.Build.0 = Release|x64
		{FF389CA6-FD3A-425D-99B8-3520663EABB7}.Release|x86.ActiveCfg = Release|Win32
		{FF389CA6-FD3A-425D-99B8-3520663EABB7}.Release|x86.Build.0 = Release|Win32
		{01AB4BC5-1EC6-4CC3-890A-8C624548BB8A}.Debug|x64.ActiveCfg = Debug|x64
		{01AB4BC5-1EC6-4CC3-890A-8C624548BB8A}.Debug|x64.Build.0 = Debug|x64
		{01AB4BC5-1EC6-4CC3-890A-8C624548BB8A}.Debug|x86.ActiveCfg = Debug|Win32
		{01AB4BC5-1EC6-4CC3-890A-8C624548BB8A}.Debug|x86.Build.0 = Debug|Win32
		{01AB4BC5-1EC6-4CC3-890A-8C624548BB8A}.Release|x64.ActiveCfg = Release|x64
		{01AB4BC5-1EC6-4CC3-890A-8C624548BB8A}.Release|x64.Build.0 = Release|x64
		{01AB4BC5-1EC6-4CC3-890A-8C624548BB8A}.Release|x86.ActiveCfg = Release|Win32
		{01AB4BC5-1EC6-4CC3-890A-8C624548BB8A}.Release|x86.Build.0 = Release|Win32
		{6EAB352F-BC84-44E8-A4F4-558836149046}.Debug|x64.ActiveCfg = Debug|x64
		{6EAB352F-BC84-44E8-A4F4-558836149046}.Debug|x64.Build.0 = Debug|x64
		{6EAB352F-BC84-44E8-A4F4-558836149046}.Debug|x86.ActiveCfg = Debug|Win32
		{6EAB352F-BC84-44E8-A4F4-558836149046}.Debug|x86.Build.0 = Debug|Win32
		{6EAB352F-BC84-44E8-A4F4-558836149046}.Release|x64.ActiveCfg = Release|x64
		{6EAB352F-BC84-44E8-A4F4-558836149046}.Release|x64.Build.0 = Release|x64
		{6EAB352F-BC84-44E8-A4F4-558836149046}.Release|x86.ActiveCfg = Release|Win32
		{6EAB352F-BC84-44E8-A4F4-558836149046}.Release|x86.Build.0 = Release|Win32
		{18BF38B6-5E43-4970-A5B9-007BC1FC9B12}.Debug|x64.ActiveCfg = Debug|x64
		{18BF38B6-5E43-4970-A5B9-007BC1FC9B12}.Debug|x64.Build.0 = Debug|x64
		{18BF38B6-5E43-4970-A5B9-007BC1FC9B12}.Debug|x86.ActiveCfg = Debug|Win32
		{18BF38B6-5E43-4970-A5B9-007BC1FC9B12}.Debug|x86.Build.0 = Debug|Win32
		{18BF38B6-5E43-4970-A5B9-007BC1FC9B12}.Release|x64.ActiveCfg = Release|x64
		{18BF38B6-5E43-4970-A5B9-007BC1FC9B12}.Release|x64.Build.0 = Release|x64
		{18BF38B6-5E43-4970-A5B9-007BC1FC9B12}.Release|x86.ActiveCfg = Release|Win32
		{18BF38B6-5E43-4970-A5B9-007BC1FC9B12}.Release|x86.Build.0 = Release|Win32
		{930D168C-0233-445E-B6A5-2F14C3CD49B4}.Debug|x64.ActiveCfg = Debug|x64
		{930D168C-0233-445E-B6A5-2F14C3CD49B4}.Debug|x64.Build.0 = Debug|x64
		{930D168C-0233-445E-B6A5-2F14C3CD49B4}.Debug|x86.ActiveCfg = Debug|Win32
		{930D168C-0233-445E-B6A5-2F14C3CD49B4}.Debug|x86.Build.0 = Debug|Win32
		{930D168C-0233-445E-B6A5-2F14C3CD49B4}.Release|x64.ActiveCfg = Release|x64
		{930D168C-0233-445E-B6A5-2F14C3CD49B4}.Release|x64.Build.0 = Release|x64
		{930D168C-0233-445E-B6A5-2F14C3CD49B4}.Release|x86.ActiveCfg = Release|Win32
		{930D168C-0233-445E-B6A5-2F14C3CD49B4}.Release|x86.Build.0 = Release|Win32
		{1E223505-18FF-4A17-885E-228DAEC7ED1E}.Debug|x64.ActiveCfg = Debug|x64
		{1E223505-18FF-4A17-885E-228DAEC7ED1E}.Debug|x64.Build.0 = Debug|x64
		{1E223505-18FF-4A17-885E-228DAEC7ED1E}.Debug|x86.ActiveCfg = Debug|Win32
		{1E223505-18FF-4A17-885E-228DAEC7ED1E}.Debug|x86.Build.0 = Debug|Win32
		{1E223505-18FF-4A17-885E-228DAEC7ED1E}.Release|x64.ActiveCfg = Release|x64
		{1E223505-18FF-4A17-885E-228DAEC7ED1E}.Release|x64.Build.0 = Release|x64
		{1E223505-18FF-4A17-885E-228DAEC7ED1E}.Release|x86.ActiveCfg = Release|Win32
		{1E223505-18FF-4A17-885E-228DAEC7ED1E}.Release|x86.Build.0 = Release|Win32
		{6E28FDB9-C0C4-4CAF-933F-5EEA1703E22E}.Debug|x64.ActiveCfg = Debug|x64
		{6E28FDB9-C0C4-4CAF-933F-5EEA1703E22E}.Debug|x64.Build.0 = Debug|x64
		{6E28FDB9-C0C4-4CAF-933F-5EEA1703E22E}.Debug|x86.ActiveCfg = Debug|Win32
		{6E28FDB9-C0C4-4CAF-933F-5EEA1703E22E}.Debug|x86.Build.0 = Debug|Win32
		{6E28FDB9-C0C4-4CAF-933F-5EEA1703E22E}.Release|x64.ActiveCfg = Release|x64
		{6E28FDB9-C0C4-4CAF-933F-5EEA1703E22E}.Release|x64.Build.0 = Release|x64
		{6E28FDB9-C0C4-4CAF-933F-5EEA1703E22E}.Release|x86.ActiveCfg = Release|Win32
		{6E28FDB9-C0C4-4CAF-933F-5EEA1703E22E}.Release|x86.Build.0 = Release|Win32
		{29E3A21A-9906-483F-8E2E-6503E74904C9}.Debug|x64.ActiveCfg = Debug|x64
		{29E3A21A-9906-483F-8E2E-6503E74904C9}.Debug|x64.Build.0 = Debug|x64
		{29E3A21A-9906-483F-8E2E-6503E74904C9}.Debug|x86.ActiveCfg = Debug|Win32
		{29E3A21A-9906-483F-8E2E-6503E74904C9}.Debug|x86.Build.0 = Debug|Win32
		{29E3A21A-9906-483F-8E2E-6503E74904C9}.Release|x64.ActiveCfg = Release|x64
		{29E3A21A-9906-483F-8E2E-6503E74904C9}.Release|x64.Build.0 = Release|x64
		{29E3A21A-9906-483F-8E2E-6503E74904C9}.Release|x86.ActiveCfg = Release|Win32
		{29E3A21A-9906-483F-8E2E-6503E74904C9}.Release|x86.Build.0 = Release|Win32
		{969AE680-313B-4D43-A85C-6E40F7872DF1}.Debug|x64.ActiveCfg = Debug|x64
		{969AE680-313B-4D43-A85C-6E40F7872DF1}.Debug|x64.Build.0 = Debug|x64
		{969AE680-313B-4D43-A85C-6E40F7872DF1}.Debug|x86.ActiveCfg = Debug|Win32
		{969AE680-313B-4D43-A85C-6E40F7872DF1}.Debug|x86.Build.0 = Debug|Win32
		{969AE680-313B-4D43-A85C-6E40F7872DF1}.Release|x64.ActiveCfg = Release|x64
		{969AE680-313B-4D43-A85C-6E40F7872DF1}.Release|x64.Build.0 = Release|x64
		{969AE680-313B-4D43-A85C-6E40F7872DF1}.Release|x86.ActiveCfg = Release|Win32
		{969AE680-313B-4D43-A85C-6E40F7872DF1}.Release|x86.Build.0 = Release|Win32
		{0D4151D0-C6D1-48FC-B02D-F9F578F32212}.Debug|x64.ActiveCfg = Debug|x64
		{0D4151D0-C6D1-48FC-B02D-F9F578F32212}.Debug|x64.Build.0 = Debug|x64
		{0D4151D0-C6D1-48FC-B02D-F9F578F32212}.Debug|x86.ActiveCfg = Debug|Win32
		{0D4151D0-C6D1-48FC-B02D-F9F578F32212}.Debug|x86.Build.0 = Debug|Win32
		{0D4151D0-C6D1-48FC-B02D-F9F578F32212}.Release|x64.ActiveCfg = Release|x64
		{0D4151D0-C6D1-48FC-B02D-F9F578F32212}.Release|x64.Build.0 = Release|x64
		{0D4151D0-C6D1-48FC-B02D-F9F578F32212}.Release|x86.ActiveCfg = Release|Win32
		{0D4151D0-C6D1-48FC-B02D-F9F578F32212}.Release|x86.Build.0 = Release|Win32
		{4AC722BB-EC3D-41E9-886B-2645278253B2}.Debug|x64.ActiveCfg = Debug|x64
		{4AC722BB-EC3D-41E9-886B-2645278253B2}.Debug|x64.Build.0 = Debug|x64
		{4AC722BB-EC3D-41E9-886B-2645278253B2}.Debug|x86.ActiveCfg = Debug|Win32
		{4AC722BB-EC3D-41E9-886B-2645278253B2}.Debug|x86.Build.0 = Debug|Win32
		{4AC722BB-EC3D-41E9-886B-2645278253B2}.Release|x64.ActiveCfg = Release|x64
		{4AC722BB-EC3D-41E9-886B-2645278253B2}.Release|x64.Build.0 = Release|x64
		{4AC722BB-EC3D-41E9-886B-2645278253B2}.Release|x86.ActiveCfg = Release|Win32
		{4AC722BB-EC3D-41E9-886B-2645278253B2}.Release|x86.Build.0 = Release|Win32
		{6054E32E-19D9-4B25-9FBF-EE52ED3C578C}.Debug|x64.ActiveCfg = Debug|x64
		{6054E32E-19D9-4B25-9FBF-EE52ED3C578C}.Debug|x64.Build.0 = Debug|x64
		{6054E32E-19D9-4B25-9FBF-EE52ED3C578C}.Debug|x86.ActiveCfg = Debug|Win32
		{6054E32E-19D9-4B25-9FBF-EE52ED3C578C}.Debug|x86.Build.0 = Debug|Win32
		{6054E32E-19D9-4B25-9FBF-EE52ED3C578C}.Release|x64.ActiveCfg = Release|x64
		{6054E32E-19D9-4B25-9FBF-EE52ED3C578C}.Release|x64.Build.0 = Release|x64
		{6054E32E-19D9-4B25-9FBF-EE52ED3C578C}.Release|x86.ActiveCfg = Release|Win32
		{6054E32E-19D9-4B25-9FBF-EE52ED3C578C}.Release|x86.Build.0 = Release|Win32
		{CF90E2F7-2425-42DA-96D0-FF11B4F32E5A}.Debug|x64.ActiveCfg = Debug|x64
		{CF90E2F7-2425-42DA-96D0-FF11B4F32E5A}.Debug|x64.Build.0 = Debug|x64
		{CF90E2F7-2425-42DA-96D0-FF11B4F32E5A}.Debug|x86.ActiveCfg = Debug|Win32
		{CF90E2F7-2425-42DA-96D0-FF11B4F32E5A}.Debug|x86.Build.0 = Debug|Win32
		{CF90E2F7-2425-42DA-96D0-FF11B4F32E5A}.Release|x64.ActiveCfg = Release|x64
		{CF90E2F7-2425-42DA-96D0-FF11B4F32E5A}.Release|x64.Build.0 = Release|x64
		{CF90E2F7-2425-42DA-96D0-FF11B4F32E5A}.Release|x86.ActiveCfg = Release|Win32
		{CF90E2F7-2425-42DA-96D0-FF11B4F32E5A}.Release|x86.Build.0 = Release|Win32
		{FEC0AF62-ACD8-4D06-AA31-8D058120A1A7}.Debug|x64.ActiveCfg = Debug|x64
		{FEC0AF62-ACD8-4D06-AA31-8D058120A1A7}.Debug|x64.Build.0 = Debug|x64
		{FEC0AF62-ACD8-4D06-AA31-8D058120A1A7}.Debug|x86.ActiveCfg = Debug|Win32
		{FEC0AF62-ACD8-4D06-AA31-8D058120A1A7}.Debug|x86.Build.0 = Debug|Win32
		{FEC0AF62-ACD8-4D06-AA31-8D058120A1A7}.Release|x64.ActiveCfg = Release|x64
		{FEC0AF62-ACD8-4D06-AA31-8D058120A1A7}.Release|x64.Build.0 = Release|x64
		{FEC0AF62-ACD8-4D06-AA31-8D058120A1A7}.Release|x86.ActiveCfg = Release|Win32
		{FEC0AF62-ACD8-4D06-AA31-8D058120A1A7}.Release|x86.Build.0 = Release|Win32
		{86A6F6EB-6B88-4CE2-A76F-98D086E74AA0}.Debug|x64.ActiveCfg = Debug|x64
		{86A6F6EB-6B88-4CE2-A76F-98D086E74AA0}.Debug|x64.Build.0 = Debug|x64
		{86A6F6EB-6B88-4CE2-A76F-98D086E74AA0}.Debug|x86.ActiveCfg = Debug|Win32
		{86A6F6EB-6B88-4CE2-A76F-98D086E74AA0}.Debug|x86.Build.0 = Debug|Win32
		{86A6F6EB-6B88-4CE2-A76F-98D086E74AA0}.Release|x64.ActiveCfg = Release|x64
		{86A6F6EB-6B88-4CE2-A76F-98D086E74AA0}.Release|x64.Build.0 = Release|x64
		{86A6F6EB-6B88-4CE2-A76F-98D086E74AA0}.Release|x86.ActiveCfg = Release|Win32
		{86A6F6EB-6B88-4CE2-A76F-98D086E74AA0}.Release|x86.Build.0 = Release|Win32
		{E7BB5233-41E6-4A56-A33E-F61AE0903A17}.Debug|x64.ActiveCfg = Debug|x64
		{E7BB5233-41E6-4A56-A33E-F61AE0903A17}.Debug|x64.Build.0 = Debug|x64
		{E7BB5233-41E6-4A56-A33E-F61AE0903A17}.Debug|x86.ActiveCfg = Debug|Win32
		{E7BB5233-41E6-4A56-A33E-F61AE0903A17}.Debug|x86.Build.0 = Debug|Win32
		{E7BB5233-41E6-4A56-A33E-F61AE0903A17}.Release|x64.ActiveCfg = Release|x64
		{E7BB5233-41E6-4A56-A33E-F61AE0903A17}.Release|x64.Build.0 = Release|x64
		{E7BB5233-41E6-4A56-A33E-F61AE0903A17}.Release|x86.ActiveCfg = Release|Win32
		{E7BB5233-41E6-4A56-A33E-F61AE0903A17}.Release|x86.Build.0 = Release|Win32
		{6B8951D8-B403-439A-A545-68BC333B2DEB}.Debug|x64.ActiveCfg = Debug|x64
		{6B8951D8-B403-439A-A545-68BC333B2DEB}.Debug|x64.Build.0 = Debug|x64
		{6B8951D8-B403-439A-A545-68BC333B2DEB}.Debug|x86.ActiveCfg = Debug|Win32
		{6B8951D8-B403-439A-A545-68BC333B2DEB}.Debug|x86.Build.0 = Debug|Win32
		{6B8951D8-B403-439A-A545-68BC333B2DEB}.Release|x64.ActiveCfg = Release|x64
		{6B8951D8-B403-439A-A545-68BC333B2DEB}.Release|x64.Build.0 = Release|x64
		{6B8951D8-B403-439A-A545-68BC333B2DEB}.Release|x86.ActiveCfg = Release|Win32
		{6B8951D8-B403-439A-A545-68BC333B2DEB}.Release|x86.Build.0 = Release|Win32
		{E45D0557-E1E0-4C44-B39E-A7D5DD70C32F}.Debug|x64.ActiveCfg = Debug|x64
		{E45D0557-E1E0-4C44-B39E-A7D5DD70C32F}.Debug|x64.Build.0 = Debug|x64
		{E45D0557-E1E0-4C44-B39E-A7D5DD70C32F}.Debug|x86.ActiveCfg = Debug|Win32
		{E45D0557-E1E0-4C44-B39E-A7D5DD70C32F}.Debug|x86.Build.0 = Debug|Win32
		{E45D0557-E1E0-4C44-B39E-A7D5DD70C32F}.Release|x64.ActiveCfg = Release|x64
		{E45D0557-E1E0-4C44-B39E-A7D5DD70C32F}.Release|x64.Build.0 = Release|x64
		{E45D0557-E1E0-4C44-B39E-A7D5DD70C32F}.Release|x86.ActiveCfg = Release|Win32
		{E45D0557-E1E0-4C44-B39E-A7D5DD70C32F}.Release|x86.Build.0 = Release|Win32
		{6B22CAFF-06BD-4348-B087-A8CE3CCA5A96}.Debug|x64.ActiveCfg = Debug|x64
		{6B22CAFF-06BD-4348-B087-A8CE3CCA5A96}.Debug|x64.Build.0 = Debug|x64
		{6B22CAFF-06BD-4348-B087-A8CE3CCA5A96}.Debug|x86.ActiveCfg = Debug|Win32
		{6B22CAFF-06BD-4348-B087-A8CE3CCA5A96}.Debug|x86.Build.0 = Debug|Win32
		{6B22CAFF-06BD-4348-B087-A8CE3CCA5A96}.Release|x64.ActiveCfg = Release|x64
		{6B22CAFF-06BD-4348-B087-A8CE3CCA5A96}.Release|x64.Build.0 = Release|x64
		{6B22CAFF-06BD-4348-B087-A8CE3CCA5A96}.Release|x86.ActiveCfg = Release|Win32
		{6B22CAFF-06BD-4348-B087-A8CE3CCA5A96}.Release|x86.Build.0 = Release|Win32
		{01E05ED0-48EA-4A66-ACE0-10C1FF4CB92C}.Debug|x64.ActiveCfg = Debug|x64
		{01E05ED0-48EA-4A66-ACE0-10C1FF4CB92C}.Debug|x64.Build.0 = Debug|x64
		{01E05ED0-48EA-4A66-ACE0-10C1FF4CB92C}.Debug|x86.ActiveCfg = Debug|Win32
		{01E05ED0-48EA-4A66-ACE0-10C1FF4CB92C}.Debug|x86.Build.0 = Debug|Win32
		{01E05ED0-48EA-4A66-ACE0-10C1FF4CB92C}.Release|x64.ActiveCfg = Release|x64
		{01E05ED0-48EA-4A66-ACE0-10C1FF4CB92C}.Release|x64.Build.0 = Release|x64
		{01E05ED0-48EA-4A66-ACE0-10C1FF4CB92C}.Release|x86.ActiveCfg = Release|Win32
		{01E05ED0-48EA-4A66-ACE0-10C1FF4CB92C}.Release|x86.Build.0 = Release|Win32
		{CB34D66C-F650-4EB0-96CE-FC3435AD3487}.Debug|x64.ActiveCfg = Debug|x64
		{CB34D66C-F650-4EB0-96CE-FC3435AD3487}.Debug|x64.Build.0 = Debug|x64
		{CB34D66C-F650-4EB0-96CE-FC3435AD3487}.Debug|x86.ActiveCfg = Debug|Win32
		{CB34D66C-F650-4EB0-96CE-FC3435AD3487}.Debug|x86.Build.0 = Debug|Win32
		{CB34D66C-F650-4EB0-96CE-FC3435AD3487}.Release|x64.ActiveCfg = Release|x64
		{CB34D66C-F650-4EB0-96CE-FC3435AD3487}.Release|x64.Build.0 = Release|x64
		{CB34D66C-F650-4EB0-96CE-FC3435AD3487}.Release|x86.ActiveCfg = Release|Win32
		{CB34D66C-F650-4EB0-96CE-FC3435AD3487}.Release|x86.Build.0 = Release|Win32
		{3239B5B8-452A-446A-A6F3-03D3A392B358}.Debug|x64.ActiveCfg = Debug|x64
		{3239B5B8-452A-446A-A6F3-03D3A392B358}.Debug|x64.Build.0 = Debug|x64
		{3239B5B8-452A-446A-A6F3-03D3A392B358}.Debug|x86.ActiveCfg = Debug|Win32
		{3239B5B8-452A-446A-A6F3-03D3A392B358}.Debug|x86.Build.0 = Debug|Win32
		{3239B5B8-452A-446A-A6F3-03D3A392B358}.Release|x64.ActiveCfg = Release|x64
		{3239B5B8-452A-446A-A6F3-03D3A392B358}.Release|x64.Build.0 = Release|x64
		{3239B5B8-452A-446A-A6F3-03D3A392B358}.Release|x86.ActiveCfg = Release|Win32
		{3239B5B8-452A-446A-A6F3-03D3A392B358}.Release|x86.Build.0 = Release|Win32
		{4831566C-6207-420D-8D73-7E034D91A369}.Debug|x64.ActiveCfg = Debug|x64
		{4831566C-6207-420D-8D73-7E034D91A369}.Debug|x64.Build.0 = Debug|x64
		{4831566C-6207-420D-8D73-7E034D91A369}.Debug|x86.ActiveCfg = Debug|Win32
		{4831566C-6207-420D-8D73-7E034D91A369}.Debug|x86.Build.0 = Debug|Win32
		{4831566C-6207-420D-8D73-7E034D91A369}.Release|x64.ActiveCfg = Release|x64
		{4831566C-6207-420D-8D73-7E034D91A369}.Release|x64.Build.0 = Release|x64
		{4831566C-6207-420D-8D73-7E034D91A369}.Release|x86.ActiveCfg = Release|Win32
		{4831566C-6207-420D-8D73-7E034D91A369}.Release|x86.Build.0 = Release|Win32
		{C63F3A1C-4C28-4507-9847-38197FD889E2}.Debug|x64.ActiveCfg = Debug|x64
		{C63F3A1C-4C28-4507-9847-38197FD889E2}.Debug|x64.Build.0 = Debug|x64
		{C63F3A1C-4C28-4507-9847-38197FD889E2}.Debug|x86.ActiveCfg = Debug|Win32
		{C63F3A1C-4C28-4507-9847-38197FD889E2}.Debug|x86.Build.0 = Debug|Win32
		{C63F3A1C-4C28-4507-9847-38197FD889E2}.Release|x64.ActiveCfg = Release|x64
		{C63F3A1C-4C28-4507-9847-38197FD889E2}.Release|x64.Build.0 = Release|x64
		{C63F3A1C-4C28-4507-9847-38197FD889E2}.Release|x86.ActiveCfg = Release|Win32
		{C63F3A1C-4C28-4507-9847-38197FD889E2}.Release|x86.Build.0 = Release|Win32
		{4B6AF436-FC39-4805-BE96-F496A687FB76}.Debug|x64.ActiveCfg = Debug|x64
		{4B6AF436-FC39-4805-BE96-F496A687FB76}.Debug|x64.Build.0 = Debug|x64
		{4B6AF436-FC39-4805-BE96-F496A687FB76}.Debug|x86.ActiveCfg = Debug|Win32
		{4B6AF436-FC39-4805-BE96-F496A687FB76}.Debug|x86.Build.0 = Debug|Win32
		{4B6AF436-FC39-4805-BE96-F496A687FB76}.Release|x64.ActiveCfg = Release|x64
		{4B6AF436-FC39-4805-BE96-F496A687FB76}.Release|x64.Build.0 = Release|x64
		{4B6AF436-FC39-4805-BE96-F496A687FB76}.Release|x86.ActiveCfg = Release|Win32
		{4B6AF436-FC39-4805-BE96-F496A687FB76}.Release|x86.Build.0 = Release|Win32
		{09D2E66C-A75A-408A-AF9D-C7668C8C695C}.Debug|x64.ActiveCfg = Debug|x64
		{09D2E66C-A75A-408A-AF9D-C7668C8C695C}.Debug|x64.Build.0 = Debug|x64
		{09D2E66C-A75A-408A-AF9D-C7668C8C695C}.Debug|x86.ActiveCfg = Debug|Win32
		{09D2E66C-A75A-408A-AF9D-C7668C8C695C}.Debug|x86.Build.0 = Debug|Win32
		{09D2E66C-A75A-408A-AF9D-C7668C8C695C}.Release|x64.ActiveCfg = Release|x64
		{09D2E66C-A75A-408A-AF9D-C7668C8C695C}.Release|x64.Build.0 = Release|x64
		{09D2E66C-A75A-408A-AF9D-C7668C8C695C}.Release|x86.ActiveCfg = Release|Win32
		{09D2E66C-A75A-408A-AF9D-C7668C8C695C}.Release|x86.Build.0 = Release|Win32
		{D0CDDECA-AE92-43FF-96FF-1614525EAC8B}.Debug|x64.ActiveCfg = Debug|x64
		{D0CDDECA-AE92-43FF-96FF-1614525EAC8B}.Debug|x64.Build.0 = Debug|x64
		{D0CDDECA-AE92-43FF-96FF-1614525EAC8B}.Debug|x86.ActiveCfg = Debug|Win32
		{D0CDDECA-AE92-43FF-96FF-1614525EAC8B}.Debug|x86.Build.0 = Debug|Win32
		{D0CDDECA-AE92-43FF-96FF-1614525EAC8B}.Release|x64.ActiveCfg = Release|x64
		{D0CDDECA-AE92-43FF-96FF-1614525EAC8B}.Release|x64.Build.0 = Release|x64
		{D0CDDECA-AE92-43FF-96FF-1614525EAC8B}.Release|x86.ActiveCfg = Release|Win32
		{D0CDDECA-AE92-43FF-96FF-1614525EAC8B}.Release|x86.Build.0 = Release|Win32
		{39255A7A-AAC7-4831-B42B-8B617D392967}.Debug|x64.ActiveCfg = Debug|x64
		{39255A7A-AAC7-4831-B42B-8B617D392967}.Debug|x64.Build.0 = Debug|x64
		{39255A7A-AAC7-4831-B42B-8B617D392967}.Debug|x86.ActiveCfg = Debug|Win32
		{39255A7A-AAC7-4831-B42B-8B617D392967}.Debug|x86.Build.0 = Debug|Win32
		{39255A7A-AAC7-4831-B42B-8B617D392967}.Release|x64.ActiveCfg = Release|x64
		{39255A7A-AAC7-4831-B42B-8B617D392967}.Release|x64.Build.0 = Release|x64
		{39255A7A-AAC7-4831-B42B-8B617D392967}.Release|x86.ActiveCfg = Release|Win32
		{39255A7A-AAC7-4831-B42B-8B617D392967}.Release|x86.Build.0 = Release|Win32
		{42C41545-8F55-49E0-9C16-A8C2D21C48C7}.Debug|x64.ActiveCfg = Debug|x64
		{42C41545-8F55-49E0-9C16-A8C2D21C48C7}.Debug|x64.Build.0 = Debug|x64
		{42C41545-8F55-49E0-9C16-A8C2D21C48C7}.Debug|x86.ActiveCfg = Debug|Win32
		{42C41545-8F55-49E0-9C16-A8C2D21C48C7}.Debug|x86.Build.0 = Debug|Win32
		{42C41545-8F55-49E0-9C16-A8C2D21C48C7}.Release|x64.ActiveCfg = Release|x64
		{42C41545-8F55-49E0-9C16-A8C2D21C48C7}.Release|x64.Build.0 = Release|x64
		{42C41545-8F55-49E0-9C16-A8C2D21C48C7}.Release|x86.ActiveCfg = Release|Win32
		{42C41545-8F55-49E0-9C16-A8C2D21C48C7}.Release|x86.Build.0 = Release|Win32
		{C32FD76A-2DA5-4BDB-80DE-0C63ECAEDDB2}.Debug|x64.ActiveCfg = Debug|x64
		{C32FD76A-2DA5-4BDB-80DE-0C63ECAEDDB2}.Debug|x64.Build.0 = Debug|x64
		{C32FD76A-2DA5-4BDB-80DE-0C63ECAEDDB2}.Debug|x86.ActiveCfg = Debug|Win32
		{C32FD76A-2DA5-4BDB-80DE-0C63ECAEDDB2}.Debug|x86.Build.0 = Debug|Win32
		{C32FD76A-2DA5-4BDB-80DE-0C63ECAEDDB2}.Release|x64.ActiveCfg = Release|x64
		{C32FD76A-2DA5-4BDB-80DE-0C63ECAEDDB2}.Release|x64.Build.0 = Release|x64
		{C32FD76A-2DA5-4BDB-80DE-0C63ECAEDDB2}.Release|x86.ActiveCfg = Release|Win32
		{C32FD76A-2DA5-4BDB-80DE-0C63ECAEDDB2}.Release|x86.Build.0 = Release|Win32
		{8C5B75F7-62BB-432D-AF06-089AB74EAA65}.Debug|x64.ActiveCfg = Debug|x64
		{8C5B75F7-62BB-432D-AF06-089AB74EAA65}.Debug|x64.Build.0 = Debug|x64
		{8C5B75F7-62BB-432D-AF06-089AB74EAA65}.Debug|x86.ActiveCfg = Debug|Win32
		{8C5B75F7-62BB-432D-AF06-089AB74EAA65}.Debug|x86.Build.0 = Debug|Win32
		{8C5B75F7-62BB-432D-AF06-089AB74EAA65}.Release|x64.ActiveCfg = Release|x64
		{8C5B75F7-62BB-432D-AF06-089AB74EAA65}.Release|x64.Build.0 = Release|x64
		{8C5B75F7-62BB-432D-AF06-089AB74EAA65}.Release|x86.ActiveCfg = Release|Win32
		{8C5B75F7-62BB-432D-AF06-089AB74EAA65}.Release|x86.Build.0 = Release|Win32
		{19F6351A-2169-4254-A032-537436DFCC01}.Debug|x64.ActiveCfg = Debug|x64
		{19F6351A-2169-4254-A032-537436DFCC01}.Debug|x64.Build.0 = Debug|x64
		{19F6351A-2169-4254-A032-537436DFCC01}.Debug|x86.ActiveCfg = Debug|Win32
		{19F6351A-2169-4254-A032-537436DFCC01}.Debug|x86.Build.0 = Debug|Win32
		{19F6351A-2169-4254-A032-537436DFCC01}.Release|x64.ActiveCfg = Release|x64
		{19F6351A-2169-4254-A032-537436DFCC01}.Release|x64.Build.0 = Release|x64
		{19F6351A-2169-4254-A032-537436DFCC01}.Release|x86.ActiveCfg = Release|Win32
		{19F6351A-2169-4254-A032-537436DFCC01}.Release|x86.Build.0 = Release|Win32
		{0ACF997F-FB11-4476-8D87-EAE9D48D4894}.Debug|x64.ActiveCfg = Debug|x64
		{0ACF997F-FB11-4476-8D87-EAE9D48D4894}.Debug|x64.Build.0 = Debug|x64
		{0ACF997F-FB11-4476-8D87-EAE9D48D4894}.Debug|x86.ActiveCfg = Debug|Win32
		{0ACF997F-FB11-4476-8D87-EAE9D48D4894}.Debug|x86.Build.0 = Debug|Win32
		{0ACF997F-FB11-4476-8D87-EAE9D48D4894}.Release|x64.ActiveCfg = Release|x64
		{0ACF997F-FB11-4476-8D87-EAE9D48D4894}.Release|x64.Build.0 = Release|x64
		{0ACF997F-FB11-4476-8D87-EAE9D48D4894}.Release|x86.ActiveCfg = Release|Win32
		{0ACF997F-FB11-4476-8D87-EAE9D48D4894}.Release|x86.Build.0 = Release|Win32
		{8B149FBC-1D3D-4B6C-AD5D-3970939AFA1C}.Debug|x64.ActiveCfg = Debug|x64
		{8B149FBC-1D3D-4B6C-AD5D-3970939AFA1C}.Debug|x64.Build.0 = Debug|x64
		{8B149FBC-1D3D-4B6C-AD5D-3970939AFA1C}.Debug|x86.ActiveCfg = Debug|Win32
		{8B149FBC-1D3D-4B6C-AD5D-3970939AFA1C}.Debug|x86.Build.0 = Debug|Win32
		{8B149FBC-1D3D-4B6C-AD5D-3970939AFA1C}.Release|x64.ActiveCfg = Release|x64
		{8B149FBC-1D3D-4B6C-AD5D-3970939AFA1C}.Release|x64.Build.0 = Release|x64
		{8B149FBC-1D3D-4B6C-AD5D-3970939AFA1C}.Release|x86.ActiveCfg = Release|Win32
		{8B149FBC-1D3D-4B6C-AD5D-3970939AFA1C}.Release|x86.Build.0 = Release|Win32
		{FC7446EB-A462-4B05-8792-DE9F14975BCA}.Debug|x64.ActiveCfg = Debug|x64
		{FC7446EB-A462-4B05-8792-DE9F14975BCA}.Debug|x64.Build.0 = Debug|x64
		{FC7446EB-A462-4B05-8792-DE9F14975BCA}.Debug|x86.ActiveCfg = Debug|Win32
		{FC7446EB-A462-4B05-8792-DE9F14975BCA}.Debug|x86.Build.0 = Debug|Win32
		{FC7446EB-A462-4B05-8792-DE9F14975BCA}.Release|x64.ActiveCfg = Release|x64
		{FC7446EB-A462-4B05-8792-DE9F14975BCA}.Release|x64.Build.0 = Release|x64
		{FC7446EB-A462-4B05-8792-DE9F14975BCA}.Release|x86.ActiveCfg = Release|Win32
		{FC7446EB-A462-4B05-8792-DE9F14975BCA}.Release|x86.Build.0 = Release|Win32
	EndGlobalSection
	GlobalSection(SolutionProperties) = preSolution
		HideSolutionNode = FALSE
	EndGlobalSection
	GlobalSection(NestedProjects) = preSolution
		{388BB565-CCA0-4D91-A39C-A1983B9CD5A3} = {E04C7866-BD4E-4D0A-90BD-BEA5213B98F6}
		{E89A4EB9-8F41-4BFA-BC8A-05933AEDA355} = {E04C7866-BD4E-4D0A-90BD-BEA5213B98F6}
		{C9832A2E-F2AC-499F-AAC3-7F92A25537E3} = {E89A4EB9-8F41-4BFA-BC8A-05933AEDA355}
		{336C4612-B503-4DAE-91CD-0249BBACC762} = {E89A4EB9-8F41-4BFA-BC8A-05933AEDA355}
		{88527F1A-A5F6-4C1E-9D07-A5094FAA838E} = {873D8890-3734-4AE6-B646-D76828387E60}
		{347BED6F-3080-4160-ADB5-5112FEF2D56B} = {388BB565-CCA0-4D91-A39C-A1983B9CD5A3}
		{822C82B5-50F5-44C5-8B4A-6B5E34C1FC5B} = {E89A4EB9-8F41-4BFA-BC8A-05933AEDA355}
		{B93F7B64-F2FA-40CF-ADF6-2AC33EB8A322} = {E89A4EB9-8F41-4BFA-BC8A-05933AEDA355}
		{8B57D951-4353-4435-A0B6-91FCB81E3049} = {E89A4EB9-8F41-4BFA-BC8A-05933AEDA355}
		{9157E0DC-E320-4246-ABDE-82CA07B2C646} = {388BB565-CCA0-4D91-A39C-A1983B9CD5A3}
		{4EBD6E30-726B-43E9-B82E-29562270F212} = {388BB565-CCA0-4D91-A39C-A1983B9CD5A3}
		{40996BC0-528C-49DD-BE19-B4C127843B5B} = {388BB565-CCA0-4D91-A39C-A1983B9CD5A3}
		{B84111EB-17C6-4CCD-9CBF-358D81D3B93E} = {388BB565-CCA0-4D91-A39C-A1983B9CD5A3}
		{E891CA38-BAA4-421B-8117-FEF0BA610119} = {E89A4EB9-8F41-4BFA-BC8A-05933AEDA355}
		{D0F82C37-6058-4575-9E22-8100A1F71B2B} = {388BB565-CCA0-4D91-A39C-A1983B9CD5A3}
		{B474942B-C604-4BA8-A228-7946A6003D06} = {388BB565-CCA0-4D91-A39C-A1983B9CD5A3}
		{2CEDECE7-728F-4BBD-82ED-E6C239F32413} = {388BB565-CCA0-4D91-A39C-A1983B9CD5A3}
		{3FFCD6DA-3C42-441F-8A72-48B477433379} = {388BB565-CCA0-4D91-A39C-A1983B9CD5A3}
		{2E3E75BE-5A84-4FC7-80F5-623468593E8F} = {388BB565-CCA0-4D91-A39C-A1983B9CD5A3}
		{FF274441-FAB7-4782-95FB-CEF373F789D9} = {917E1ADF-179F-481A-BB25-7051BA60AE3A}
		{8E97ECCF-32A8-4A2A-B2BA-C6B679F497E5} = {E89A4EB9-8F41-4BFA-BC8A-05933AEDA355}
		{368D9D11-B226-423F-842A-B9396DEBE341} = {917E1ADF-179F-481A-BB25-7051BA60AE3A}
		{FFBE2468-B539-45DF-AC43-856BBDF7A116} = {388BB565-CCA0-4D91-A39C-A1983B9CD5A3}
		{466EA9A0-0D38-497F-9C93-55202E5F9D7D} = {388BB565-CCA0-4D91-A39C-A1983B9CD5A3}
		{1A9E51AA-B066-4844-9400-A686288C9493} = {388BB565-CCA0-4D91-A39C-A1983B9CD5A3}
		{7B97E135-55FF-4D9D-A461-17D2A6229CD7} = {388BB565-CCA0-4D91-A39C-A1983B9CD5A3}
		{EF66FA82-0ED5-4B8E-81D2-B6E7D499B71F} = {388BB565-CCA0-4D91-A39C-A1983B9CD5A3}
		{89EDAA16-3559-4388-8B85-A4490159A44A} = {388BB565-CCA0-4D91-A39C-A1983B9CD5A3}
		{5867E2E0-CB8D-4804-8E28-AD686A11C747} = {F5B1532F-991D-41AE-AE4D-B4CB201DAFEF}
		{C8DE2F04-679F-454D-8206-2B95FA022932} = {F5B1532F-991D-41AE-AE4D-B4CB201DAFEF}
		{E2DD335F-7702-4650-9655-6C0C1900A0DE} = {C8DE2F04-679F-454D-8206-2B95FA022932}
		{DF6D3F0B-B2C4-4D5C-A624-6F06AB8D40C5} = {C8DE2F04-679F-454D-8206-2B95FA022932}
		{2731FADF-BC3C-421B-B7CD-9697D8959168} = {C8DE2F04-679F-454D-8206-2B95FA022932}
		{38DB8886-B433-484A-8ECA-BC4703E54D1F} = {C8DE2F04-679F-454D-8206-2B95FA022932}
		{DAE3102F-A10F-4A0A-8F43-2F92C63C234E} = {C8DE2F04-679F-454D-8206-2B95FA022932}
		{D08F3972-235E-458D-88C6-FEF0EDBEAB93} = {C8DE2F04-679F-454D-8206-2B95FA022932}
		{6E91B22E-3C4F-4C42-828C-43FD218A4882} = {C8DE2F04-679F-454D-8206-2B95FA022932}
		{DC79C1C0-BB3F-4A9A-9D43-28BF777063FE} = {F5B1532F-991D-41AE-AE4D-B4CB201DAFEF}
		{F484B6D3-963D-4A34-859E-83BD66C442AD} = {F5B1532F-991D-41AE-AE4D-B4CB201DAFEF}
		{40E5DF59-4C95-4B90-BC25-BD00B6A4DC18} = {F5B1532F-991D-41AE-AE4D-B4CB201DAFEF}
		{B21F2901-391E-47FB-8592-CFD3DF7D958E} = {F5B1532F-991D-41AE-AE4D-B4CB201DAFEF}
		{7F649436-5B69-4C47-AF90-DED0FED37009} = {F5B1532F-991D-41AE-AE4D-B4CB201DAFEF}
		{1472BE54-FFBD-49DB-BF64-8121E7A37C27} = {F5B1532F-991D-41AE-AE4D-B4CB201DAFEF}
		{E88CB54E-A768-4649-912A-09F7B7D51B7A} = {C8DE2F04-679F-454D-8206-2B95FA022932}
		{6493FF2B-78AE-4522-9CC4-C354E37995D6} = {873D8890-3734-4AE6-B646-D76828387E60}
		{714606B2-93C1-48A2-8AE2-DCC3D7E72C63} = {F5B1532F-991D-41AE-AE4D-B4CB201DAFEF}
		{9D798E40-7ECB-40CC-B3B1-F4401C8A5F4A} = {F5B1532F-991D-41AE-AE4D-B4CB201DAFEF}
		{14FC3F56-4175-4105-8DA1-D4F20A160375} = {F5B1532F-991D-41AE-AE4D-B4CB201DAFEF}
		{67C2B60B-2932-4C04-B2AC-73438F5C2A0F} = {F5B1532F-991D-41AE-AE4D-B4CB201DAFEF}
		{F38DE321-FBA3-4B42-929B-EEA7E1D0C258} = {C8DE2F04-679F-454D-8206-2B95FA022932}
		{6114ECBE-E752-4957-8848-379BC3AE6B49} = {F5B1532F-991D-41AE-AE4D-B4CB201DAFEF}
		{03FCBFA8-A179-445E-A475-16EA2FDA1A03} = {F5B1532F-991D-41AE-AE4D-B4CB201DAFEF}
		{40BDB80F-30BA-494E-A2FE-95B88145A048} = {F5B1532F-991D-41AE-AE4D-B4CB201DAFEF}
		{ABA52411-53F0-43DC-9051-F72894F3B7BC} = {F5B1532F-991D-41AE-AE4D-B4CB201DAFEF}
		{7BCA267D-728D-413D-AF94-B5A43BE609CB} = {C8DE2F04-679F-454D-8206-2B95FA022932}
		{47102F24-B2FB-4A3B-9AD1-13AD30F4249F} = {F5B1532F-991D-41AE-AE4D-B4CB201DAFEF}
		{D62E6E0A-CEED-4A61-AA8B-57641B28E449} = {F5B1532F-991D-41AE-AE4D-B4CB201DAFEF}
		{3D13371D-C2E0-4AE2-804D-CB617B220505} = {F5B1532F-991D-41AE-AE4D-B4CB201DAFEF}
		{F346B786-975D-43C7-B918-33EDCDD5B186} = {F5B1532F-991D-41AE-AE4D-B4CB201DAFEF}
		{524EA6D2-315B-4EE4-9A8F-952EDF4C9948} = {F5B1532F-991D-41AE-AE4D-B4CB201DAFEF}
		{DB385E1E-0E25-4053-BC14-6C6F61513B1F} = {F5B1532F-991D-41AE-AE4D-B4CB201DAFEF}
		{03C6E931-85A4-4773-A064-DD5F2994042E} = {C8DE2F04-679F-454D-8206-2B95FA022932}
		{B9B76F81-9114-4B91-82E3-F1AE58074BA2} = {F5B1532F-991D-41AE-AE4D-B4CB201DAFEF}
		{CDF3ADB5-7FA1-4312-9C43-A252836DE504} = {F5B1532F-991D-41AE-AE4D-B4CB201DAFEF}
		{E5AF9799-33FE-41C8-900B-814356F2E732} = {C8DE2F04-679F-454D-8206-2B95FA022932}
		{266AD2FF-791C-4AB4-A56C-EFAA87A934FC} = {F5B1532F-991D-41AE-AE4D-B4CB201DAFEF}
		{A4E500B8-6095-4CA8-94D7-830143CBB7AD} = {F5B1532F-991D-41AE-AE4D-B4CB201DAFEF}
		{DF8403E9-5A91-4F0B-BE1B-144FB71E0423} = {F5B1532F-991D-41AE-AE4D-B4CB201DAFEF}
		{1920728B-7B11-4024-9B98-9BF0FF114856} = {F5B1532F-991D-41AE-AE4D-B4CB201DAFEF}
		{FF389CA6-FD3A-425D-99B8-3520663EABB7} = {F5B1532F-991D-41AE-AE4D-B4CB201DAFEF}
		{01AB4BC5-1EC6-4CC3-890A-8C624548BB8A} = {C8DE2F04-679F-454D-8206-2B95FA022932}
		{6EAB352F-BC84-44E8-A4F4-558836149046} = {C8DE2F04-679F-454D-8206-2B95FA022932}
		{18BF38B6-5E43-4970-A5B9-007BC1FC9B12} = {F5B1532F-991D-41AE-AE4D-B4CB201DAFEF}
		{930D168C-0233-445E-B6A5-2F14C3CD49B4} = {F5B1532F-991D-41AE-AE4D-B4CB201DAFEF}
		{1E223505-18FF-4A17-885E-228DAEC7ED1E} = {F5B1532F-991D-41AE-AE4D-B4CB201DAFEF}
		{6E28FDB9-C0C4-4CAF-933F-5EEA1703E22E} = {F5B1532F-991D-41AE-AE4D-B4CB201DAFEF}
		{29E3A21A-9906-483F-8E2E-6503E74904C9} = {F5B1532F-991D-41AE-AE4D-B4CB201DAFEF}
		{969AE680-313B-4D43-A85C-6E40F7872DF1} = {F5B1532F-991D-41AE-AE4D-B4CB201DAFEF}
		{0D4151D0-C6D1-48FC-B02D-F9F578F32212} = {F5B1532F-991D-41AE-AE4D-B4CB201DAFEF}
		{4AC722BB-EC3D-41E9-886B-2645278253B2} = {F5B1532F-991D-41AE-AE4D-B4CB201DAFEF}
		{6054E32E-19D9-4B25-9FBF-EE52ED3C578C} = {F5B1532F-991D-41AE-AE4D-B4CB201DAFEF}
		{CF90E2F7-2425-42DA-96D0-FF11B4F32E5A} = {F5B1532F-991D-41AE-AE4D-B4CB201DAFEF}
		{FEC0AF62-ACD8-4D06-AA31-8D058120A1A7} = {F5B1532F-991D-41AE-AE4D-B4CB201DAFEF}
		{86A6F6EB-6B88-4CE2-A76F-98D086E74AA0} = {F5B1532F-991D-41AE-AE4D-B4CB201DAFEF}
		{E7BB5233-41E6-4A56-A33E-F61AE0903A17} = {F5B1532F-991D-41AE-AE4D-B4CB201DAFEF}
		{6B8951D8-B403-439A-A545-68BC333B2DEB} = {F5B1532F-991D-41AE-AE4D-B4CB201DAFEF}
		{E45D0557-E1E0-4C44-B39E-A7D5DD70C32F} = {F5B1532F-991D-41AE-AE4D-B4CB201DAFEF}
		{6B22CAFF-06BD-4348-B087-A8CE3CCA5A96} = {F5B1532F-991D-41AE-AE4D-B4CB201DAFEF}
		{01E05ED0-48EA-4A66-ACE0-10C1FF4CB92C} = {F5B1532F-991D-41AE-AE4D-B4CB201DAFEF}
		{CB34D66C-F650-4EB0-96CE-FC3435AD3487} = {8E7593AC-2E58-428C-B714-ACBBE53B3BF0}
		{3239B5B8-452A-446A-A6F3-03D3A392B358} = {8E7593AC-2E58-428C-B714-ACBBE53B3BF0}
		{4831566C-6207-420D-8D73-7E034D91A369} = {8E7593AC-2E58-428C-B714-ACBBE53B3BF0}
		{C63F3A1C-4C28-4507-9847-38197FD889E2} = {8E7593AC-2E58-428C-B714-ACBBE53B3BF0}
		{4B6AF436-FC39-4805-BE96-F496A687FB76} = {8E7593AC-2E58-428C-B714-ACBBE53B3BF0}
		{09D2E66C-A75A-408A-AF9D-C7668C8C695C} = {8E7593AC-2E58-428C-B714-ACBBE53B3BF0}
		{D0CDDECA-AE92-43FF-96FF-1614525EAC8B} = {8E7593AC-2E58-428C-B714-ACBBE53B3BF0}
		{39255A7A-AAC7-4831-B42B-8B617D392967} = {8E7593AC-2E58-428C-B714-ACBBE53B3BF0}
		{42C41545-8F55-49E0-9C16-A8C2D21C48C7} = {8E7593AC-2E58-428C-B714-ACBBE53B3BF0}
		{C32FD76A-2DA5-4BDB-80DE-0C63ECAEDDB2} = {8E7593AC-2E58-428C-B714-ACBBE53B3BF0}
		{8C5B75F7-62BB-432D-AF06-089AB74EAA65} = {8E7593AC-2E58-428C-B714-ACBBE53B3BF0}
		{19F6351A-2169-4254-A032-537436DFCC01} = {8E7593AC-2E58-428C-B714-ACBBE53B3BF0}
		{0ACF997F-FB11-4476-8D87-EAE9D48D4894} = {8E7593AC-2E58-428C-B714-ACBBE53B3BF0}
		{8B149FBC-1D3D-4B6C-AD5D-3970939AFA1C} = {8E7593AC-2E58-428C-B714-ACBBE53B3BF0}
		{FC7446EB-A462-4B05-8792-DE9F14975BCA} = {8E7593AC-2E58-428C-B714-ACBBE53B3BF0}
	EndGlobalSection
EndGlobal
