<?xml version="1.0" encoding="utf-8"?>
<Project ToolsVersion="4.0" xmlns="http://schemas.microsoft.com/developer/msbuild/2003">
  <ItemGroup>
    <Filter Include="ThirdParty">
      <UniqueIdentifier>{eea963c1-f43b-43bf-925b-1788003596a7}</UniqueIdentifier>
    </Filter>
    <Filter Include="ThirdParty\inc">
      <UniqueIdentifier>{fb0930e1-cf42-44a4-ac07-72bb39960a80}</UniqueIdentifier>
    </Filter>
    <Filter Include="ThirdParty\lib">
      <UniqueIdentifier>{ebb05c25-cbd0-4ac7-874e-de0797bb6d67}</UniqueIdentifier>
    </Filter>
    <Filter Include="ThirdParty\lib\debug">
      <UniqueIdentifier>{57e14f3d-43d0-4983-a22f-248e9a19d862}</UniqueIdentifier>
    </Filter>
    <Filter Include="ThirdParty\lib\release">
      <UniqueIdentifier>{75df6c58-287a-40f0-b2a1-faae5efe75f6}</UniqueIdentifier>
    </Filter>
  </ItemGroup>
  <ItemGroup>
    <ClInclude Include="ThirdParty\inc\DirectXTex.h">
      <Filter>ThirdParty\inc</Filter>
    </ClInclude>
    <ClInclude Include="targetver.h" />
    <ClInclude Include="framework.h" />
    <ClInclude Include="RenderingProject.h" />
    <ClInclude Include="Resource.h" />
    <ClInclude Include="GraphicDevice.h" />
  </ItemGroup>
  <ItemGroup>
    <Image Include="RenderingProject.ico" />
    <Image Include="small.ico" />
  </ItemGroup>
  <ItemGroup>
    <None Include="ThirdParty\inc\DirectXTex.inl">
      <Filter>ThirdParty\inc</Filter>
    </None>
  </ItemGroup>
  <ItemGroup>
    <Library Include="ThirdParty\lib\debug\DirectXTex.lib">
      <Filter>ThirdParty\lib\debug</Filter>
    </Library>
    <Library Include="ThirdParty\lib\release\DirectXTex.lib">
      <Filter>ThirdParty\lib\release</Filter>
    </Library>
    <Library Include="ThirdParty\lib\release\DirectXTex.pdb">
      <Filter>ThirdParty\lib\release</Filter>
    </Library>
    <Library Include="ThirdParty\lib\debug\DirectXTex.pdb">
      <Filter>ThirdParty\lib\debug</Filter>
    </Library>
  </ItemGroup>
  <ItemGroup>
    <ResourceCompile Include="RenderingProject.rc" />
  </ItemGroup>
  <ItemGroup>
    <ClCompile Include="RenderingProject.cpp" />
    <ClCompile Include="GraphicDevice.cpp" />
  </ItemGroup>
</Project>